{
  "version": 4,
  "terraform_version": "1.3.7",
  "serial": 23,
  "lineage": "ce7cfcae-5773-49ff-a43e-98137429c542",
  "outputs": {
    "aws_eks_cluster_tfer--microservices-container-grouping_id": {
      "value": "microservices-container-grouping",
      "type": "string"
    },
    "aws_eks_node_group_tfer--all-in-one_id": {
      "value": "microservices-container-grouping:all-in-one",
      "type": "string"
    },
    "aws_eks_node_group_tfer--benchmark_id": {
      "value": "microservices-container-grouping:benchmark",
      "type": "string"
    },
    "aws_eks_node_group_tfer--by-dependencies_id": {
      "value": "microservices-container-grouping:by-dependencies",
      "type": "string"
    },
    "aws_eks_node_group_tfer--by-stack_id": {
      "value": "microservices-container-grouping:by-stack",
      "type": "string"
    },
    "aws_eks_node_group_tfer--kubecost_id": {
      "value": "microservices-container-grouping:kubecost",
      "type": "string"
    },
    "aws_eks_node_group_tfer--load-test_id": {
      "value": "microservices-container-grouping:load-test",
      "type": "string"
    },
    "aws_eks_node_group_tfer--monitoring_id": {
      "value": "microservices-container-grouping:monitoring",
      "type": "string"
    }
  },
  "resources": [
    {
      "mode": "data",
      "type": "terraform_remote_state",
      "name": "sg",
      "provider": "provider[\"terraform.io/builtin/terraform\"]",
      "instances": [
        {
          "schema_version": 0,
          "attributes": {
            "backend": "local",
            "config": {
              "value": {
                "path": "../../../generated/aws/sg/terraform.tfstate"
              },
              "type": [
                "object",
                {
                  "path": "string"
                }
              ]
            },
            "defaults": null,
            "outputs": {
              "value": {
                "aws_security_group_tfer--default_sg-038f3d4e42f32b15b_id": "sg-038f3d4e42f32b15b",
                "aws_security_group_tfer--eks-cluster-sg-microservices-container-grouping-757149350_sg-04fcb2519505c9a5b_id": "sg-04fcb2519505c9a5b",
                "aws_security_group_tfer--eks-cluster-sg-microservices-grouping-cluster-588055163_sg-021d715d29fbcdb31_id": "sg-021d715d29fbcdb31",
                "aws_security_group_tfer--eks-microservices-container-grouping-allinone_sg-03ef90fe3d1eb39ec_id": "sg-03ef90fe3d1eb39ec",
                "aws_security_group_tfer--eks-microservices-container-grouping-benchmark_sg-0190bcce7e72cc63c_id": "sg-0190bcce7e72cc63c",
                "aws_security_group_tfer--eks-microservices-container-grouping-by-dependencies_sg-0b2e001bb2a91a8f5_id": "sg-0b2e001bb2a91a8f5",
                "aws_security_group_tfer--eks-microservices-container-grouping-by-stack_sg-009155310a9c34015_id": "sg-009155310a9c34015",
                "aws_security_group_tfer--eks-microservices-container-grouping-loadtest_sg-0ed0f3d98622ccd1e_id": "sg-0ed0f3d98622ccd1e",
                "aws_security_group_tfer--eks-microservices-container-grouping-monitoring_sg-0d1322b8a0560a461_id": "sg-0d1322b8a0560a461",
                "aws_security_group_tfer--eks-remoteAccess-a6c302e7-c8f4-7eef-e040-d2d3200b1230_sg-00a2a4350c6ad4a16_id": "sg-00a2a4350c6ad4a16",
                "aws_security_group_tfer--launch-wizard-1_sg-05c8121b1f7a1fddb_id": "sg-05c8121b1f7a1fddb",
                "aws_security_group_tfer--launch-wizard-2_sg-03ecee22d4f4c264b_id": "sg-03ecee22d4f4c264b",
                "aws_security_group_tfer--launch-wizard-3_sg-05d7edc277575a5ab_id": "sg-05d7edc277575a5ab",
                "aws_security_group_tfer--launch-wizard-4_sg-0ffcaa8431e6564c3_id": "sg-0ffcaa8431e6564c3",
                "aws_security_group_tfer--launch-wizard-5_sg-0b37bd6013d9e51e0_id": "sg-0b37bd6013d9e51e0",
                "aws_security_group_tfer--launch-wizard-6_sg-0ea6d76cd3731b645_id": "sg-0ea6d76cd3731b645",
                "aws_security_group_tfer--provision-name-loadtest-seg_sg-05c41629ec6825b44_id": "sg-05c41629ec6825b44"
              },
              "type": [
                "object",
                {
                  "aws_security_group_tfer--default_sg-038f3d4e42f32b15b_id": "string",
                  "aws_security_group_tfer--eks-cluster-sg-microservices-container-grouping-757149350_sg-04fcb2519505c9a5b_id": "string",
                  "aws_security_group_tfer--eks-cluster-sg-microservices-grouping-cluster-588055163_sg-021d715d29fbcdb31_id": "string",
                  "aws_security_group_tfer--eks-microservices-container-grouping-allinone_sg-03ef90fe3d1eb39ec_id": "string",
                  "aws_security_group_tfer--eks-microservices-container-grouping-benchmark_sg-0190bcce7e72cc63c_id": "string",
                  "aws_security_group_tfer--eks-microservices-container-grouping-by-dependencies_sg-0b2e001bb2a91a8f5_id": "string",
                  "aws_security_group_tfer--eks-microservices-container-grouping-by-stack_sg-009155310a9c34015_id": "string",
                  "aws_security_group_tfer--eks-microservices-container-grouping-loadtest_sg-0ed0f3d98622ccd1e_id": "string",
                  "aws_security_group_tfer--eks-microservices-container-grouping-monitoring_sg-0d1322b8a0560a461_id": "string",
                  "aws_security_group_tfer--eks-remoteAccess-a6c302e7-c8f4-7eef-e040-d2d3200b1230_sg-00a2a4350c6ad4a16_id": "string",
                  "aws_security_group_tfer--launch-wizard-1_sg-05c8121b1f7a1fddb_id": "string",
                  "aws_security_group_tfer--launch-wizard-2_sg-03ecee22d4f4c264b_id": "string",
                  "aws_security_group_tfer--launch-wizard-3_sg-05d7edc277575a5ab_id": "string",
                  "aws_security_group_tfer--launch-wizard-4_sg-0ffcaa8431e6564c3_id": "string",
                  "aws_security_group_tfer--launch-wizard-5_sg-0b37bd6013d9e51e0_id": "string",
                  "aws_security_group_tfer--launch-wizard-6_sg-0ea6d76cd3731b645_id": "string",
                  "aws_security_group_tfer--provision-name-loadtest-seg_sg-05c41629ec6825b44_id": "string"
                }
              ]
            },
            "workspace": null
          },
          "sensitive_attributes": []
        }
      ]
    },
    {
      "mode": "managed",
      "type": "aws_eks_cluster",
      "name": "tfer--microservices-container-grouping",
      "provider": "provider[\"registry.terraform.io/hashicorp/aws\"]",
      "instances": [
        {
          "schema_version": 0,
          "attributes": {
            "arn": "arn:aws:eks:sa-east-1:380285632927:cluster/microservices-container-grouping",
            "certificate_authority": [
              {
                "data": "LS0tLS1CRUdJTiBDRVJUSUZJQ0FURS0tLS0tCk1JSUM1ekNDQWMrZ0F3SUJBZ0lCQURBTkJna3Foa2lHOXcwQkFRc0ZBREFWTVJNd0VRWURWUVFERXdwcmRXSmwKY201bGRHVnpNQjRYRFRJek1ERXpNVEF6TURreU1Wb1hEVE16TURFeU9EQXpNRGt5TVZvd0ZURVRNQkVHQTFVRQpBeE1LYTNWaVpYSnVaWFJsY3pDQ0FTSXdEUVlKS29aSWh2Y05BUUVCQlFBRGdnRVBBRENDQVFvQ2dnRUJBTm9WClJrdVNCNmFEclBhREJEWWcrYmdiaEo3dlN5UDNrUzlvd1JpOVFodWllc1R0UzhlRnlzZjVYblpuRFVrcDlHZjQKaENMYjZqZmFuWUNVWmFBelJ0TGYzU0ozU0xud3NKNjFNSThBRlBiK0RJY1ZFRDNYZUlQSFpZejVRVmxkME1FaAptM3A5eFdMQzA1eEU4VlozYnpLcGlzVXVucUxxSTBYMnZLK3d0Q1BzQUJCYm81TUQycG9DcHB2dFhIYU5sN2g3Ck15bzV6M04rdDNSSVFHUnFFb1BLMlM2SlNSOUU2VVNRcUFyL0NuNFlzdVNpL2ZvdnRKZHZMU1hIM014V0pySEQKSDdhS1NIU3pkb3J4VU9yYm91NWx2MkJRcDJ0QUVVVGE0QWhsa0FBWWlnUklHTkRSN0craEROeGRwNVc4VXFKYgozdWFWK2lETUg4L2NDVXlHQ0xNQ0F3RUFBYU5DTUVBd0RnWURWUjBQQVFIL0JBUURBZ0trTUE4R0ExVWRFd0VCCi93UUZNQU1CQWY4d0hRWURWUjBPQkJZRUZCTWlpTklTWnovVjZLcVpSSnNsYThCSkVJenFNQTBHQ1NxR1NJYjMKRFFFQkN3VUFBNElCQVFEVGd4S1NrWlg1dEJVQ1g5T0RNN29RMGx4Zmdic0pBZkVxd2wxZllHRCtKSE1jZGYrWApGa0tsTG1iRjJ6akJnbzMvaFF3N1cxdld3N0h3c1lDUGxqbXFlZzlsQUhGRTkyM1EzMWRqMGdmVGp6Y0k0TGFlClJnQmd3TlBmaWhoY0lJMWhnazduVk5VN2JxdWFZZnRxN1BUVVZVVXlKTGY0dHVXQU8yRnVaQTZmRlFSdFVYWGcKOVhmekxYZ2tkeXZMWG15b1FUT3h0SmUzSFhmN2x5ZnF2RkI1TlZQeTRvUlN3a2ZPdTMxL2xNSHRTNmRnYXpIZQpIUGVYV2hnSW5abE5LNitWSlRSdFRtS0l4TmZScEhHbXlkeng5ZGdmbXJuaW8zdGFEdGJjTHo1T1drVjFxZmJOCkxJTzVaaTgwNklUNGpaRGVVZlhrTTFONU13cXpQbS9iN045dwotLS0tLUVORCBDRVJUSUZJQ0FURS0tLS0tCg=="
              }
            ],
            "cluster_id": null,
            "created_at": "2023-01-31 03:03:42.882 +0000 UTC",
            "enabled_cluster_log_types": [
              "api",
              "audit",
              "controllerManager"
            ],
            "encryption_config": [],
            "endpoint": "https://569D5F0B0DADE2BDA3DB23E338F63F23.yl4.sa-east-1.eks.amazonaws.com",
            "id": "microservices-container-grouping",
            "identity": [
              {
                "oidc": [
                  {
                    "issuer": "https://oidc.eks.sa-east-1.amazonaws.com/id/569D5F0B0DADE2BDA3DB23E338F63F23"
                  }
                ]
              }
            ],
            "kubernetes_network_config": [
              {
                "ip_family": "ipv4",
                "service_ipv4_cidr": "10.100.0.0/16",
                "service_ipv6_cidr": ""
              }
            ],
            "name": "microservices-container-grouping",
            "outpost_config": [],
            "platform_version": "eks-internal",
            "role_arn": "arn:aws:iam::380285632927:role/prod-usp-icmc20220415185049499400000003",
            "status": "ACTIVE",
            "tags": {},
            "tags_all": {},
            "timeouts": {
              "create": null,
              "delete": null,
              "update": null
            },
            "version": "1.21",
            "vpc_config": [
              {
                "cluster_security_group_id": "sg-04fcb2519505c9a5b",
                "endpoint_private_access": false,
                "endpoint_public_access": true,
                "public_access_cidrs": [
                  "0.0.0.0/0"
                ],
                "security_group_ids": [
                  "sg-021d715d29fbcdb31"
                ],
                "subnet_ids": [
                  "subnet-0312ec158c3ce9da3",
                  "subnet-036215055911f9bd3",
                  "subnet-07c048f336b37d2ef"
                ],
                "vpc_id": "vpc-0f3fe466d0a9ccab0"
              }
            ]
          },
          "sensitive_attributes": [],
          "dependencies": [
            "data.terraform_remote_state.sg"
          ]
        }
      ]
    },
    {
      "mode": "managed",
      "type": "aws_eks_node_group",
      "name": "tfer--all-in-one",
      "provider": "provider[\"registry.terraform.io/hashicorp/aws\"]",
      "instances": [
        {
          "schema_version": 0,
          "attributes": {
            "ami_type": "AL2_x86_64",
            "arn": "arn:aws:eks:sa-east-1:380285632927:nodegroup/microservices-container-grouping/all-in-one/eec303fc-ec6e-4a93-76c5-66fa56176f27",
            "capacity_type": "ON_DEMAND",
            "cluster_name": "microservices-container-grouping",
            "disk_size": 50,
            "force_update_version": null,
            "id": "microservices-container-grouping:all-in-one",
            "instance_types": [
              "t3.xlarge"
            ],
            "labels": {
              "namespace": "all-in-one"
            },
            "launch_template": [],
            "node_group_name": "all-in-one",
            "node_group_name_prefix": "",
            "node_role_arn": "arn:aws:iam::380285632927:role/prod-usp-icmc20220415190108421000000009",
            "release_version": "1.21.14-20230105",
            "remote_access": [],
            "resources": [
              {
                "autoscaling_groups": [
                  {
                    "name": "eks-all-in-one-eec303fc-ec6e-4a93-76c5-66fa56176f27"
                  }
                ],
                "remote_access_security_group_id": ""
              }
            ],
            "scaling_config": [
              {
                "desired_size": 1,
                "max_size": 1,
                "min_size": 1
              }
            ],
            "status": "ACTIVE",
            "subnet_ids": [
              "subnet-0312ec158c3ce9da3",
              "subnet-036215055911f9bd3",
              "subnet-07c048f336b37d2ef"
            ],
            "tags": {},
            "tags_all": {},
            "taint": [
              {
                "effect": "NO_SCHEDULE",
                "key": "namespace",
                "value": "all-in-one"
              }
            ],
            "timeouts": null,
            "update_config": [
              {
                "max_unavailable": 1,
                "max_unavailable_percentage": 0
              }
            ],
            "version": "1.21"
          },
          "sensitive_attributes": [],
          "private": "eyJlMmJmYjczMC1lY2FhLTExZTYtOGY4OC0zNDM2M2JjN2M0YzAiOnsiY3JlYXRlIjozNjAwMDAwMDAwMDAwLCJkZWxldGUiOjM2MDAwMDAwMDAwMDAsInVwZGF0ZSI6MzYwMDAwMDAwMDAwMH19",
          "dependencies": [
            "aws_eks_cluster.tfer--microservices-container-grouping",
            "data.terraform_remote_state.sg"
          ]
        }
      ]
    },
    {
      "mode": "managed",
      "type": "aws_eks_node_group",
      "name": "tfer--benchmark",
      "provider": "provider[\"registry.terraform.io/hashicorp/aws\"]",
      "instances": [
        {
          "schema_version": 0,
          "attributes": {
            "ami_type": "AL2_x86_64",
            "arn": "arn:aws:eks:sa-east-1:380285632927:nodegroup/microservices-container-grouping/benchmark/b0c303fc-ec6f-a847-45ba-cf3130b6b1ca",
            "capacity_type": "ON_DEMAND",
            "cluster_name": "microservices-container-grouping",
            "disk_size": 50,
            "force_update_version": null,
            "id": "microservices-container-grouping:benchmark",
            "instance_types": [
              "t3.xlarge"
            ],
            "labels": {
              "namespace": "benchmark"
            },
            "launch_template": [],
            "node_group_name": "benchmark",
            "node_group_name_prefix": "",
            "node_role_arn": "arn:aws:iam::380285632927:role/prod-usp-icmc20220415190108421000000009",
            "release_version": "1.21.14-20230105",
            "remote_access": [],
            "resources": [
              {
                "autoscaling_groups": [
                  {
                    "name": "eks-benchmark-b0c303fc-ec6f-a847-45ba-cf3130b6b1ca"
                  }
                ],
                "remote_access_security_group_id": ""
              }
            ],
            "scaling_config": [
              {
                "desired_size": 1,
                "max_size": 1,
                "min_size": 1
              }
            ],
            "status": "ACTIVE",
            "subnet_ids": [
              "subnet-0312ec158c3ce9da3",
              "subnet-036215055911f9bd3",
              "subnet-07c048f336b37d2ef"
            ],
            "tags": {},
            "tags_all": {},
            "taint": [
              {
                "effect": "NO_SCHEDULE",
                "key": "namespace",
                "value": "benchmark"
              }
            ],
            "timeouts": null,
            "update_config": [
              {
                "max_unavailable": 1,
                "max_unavailable_percentage": 0
              }
            ],
            "version": "1.21"
          },
          "sensitive_attributes": [],
          "private": "eyJlMmJmYjczMC1lY2FhLTExZTYtOGY4OC0zNDM2M2JjN2M0YzAiOnsiY3JlYXRlIjozNjAwMDAwMDAwMDAwLCJkZWxldGUiOjM2MDAwMDAwMDAwMDAsInVwZGF0ZSI6MzYwMDAwMDAwMDAwMH19",
          "dependencies": [
            "aws_eks_cluster.tfer--microservices-container-grouping",
            "data.terraform_remote_state.sg"
          ]
        }
      ]
    },
    {
      "mode": "managed",
      "type": "aws_eks_node_group",
      "name": "tfer--by-dependencies",
      "provider": "provider[\"registry.terraform.io/hashicorp/aws\"]",
      "instances": [
        {
          "schema_version": 0,
          "attributes": {
            "ami_type": "AL2_x86_64",
            "arn": "arn:aws:eks:sa-east-1:380285632927:nodegroup/microservices-container-grouping/by-dependencies/92c303fc-ec71-2877-e4a2-855faf3fe708",
            "capacity_type": "ON_DEMAND",
            "cluster_name": "microservices-container-grouping",
            "disk_size": 50,
            "force_update_version": null,
            "id": "microservices-container-grouping:by-dependencies",
            "instance_types": [
              "t3.xlarge"
            ],
            "labels": {
              "namespace": "by-dependencies"
            },
            "launch_template": [],
            "node_group_name": "by-dependencies",
            "node_group_name_prefix": "",
            "node_role_arn": "arn:aws:iam::380285632927:role/prod-usp-icmc20220415190108421000000009",
            "release_version": "1.21.14-20230105",
            "remote_access": [],
            "resources": [
              {
                "autoscaling_groups": [
                  {
                    "name": "eks-by-dependencies-92c303fc-ec71-2877-e4a2-855faf3fe708"
                  }
                ],
                "remote_access_security_group_id": ""
              }
            ],
            "scaling_config": [
              {
                "desired_size": 1,
                "max_size": 1,
                "min_size": 1
              }
            ],
            "status": "ACTIVE",
            "subnet_ids": [
              "subnet-0312ec158c3ce9da3",
              "subnet-036215055911f9bd3",
              "subnet-07c048f336b37d2ef"
            ],
            "tags": {},
            "tags_all": {},
            "taint": [
              {
                "effect": "NO_SCHEDULE",
                "key": "namespace",
                "value": "by-dependencies"
              }
            ],
            "timeouts": null,
            "update_config": [
              {
                "max_unavailable": 1,
                "max_unavailable_percentage": 0
              }
            ],
            "version": "1.21"
          },
          "sensitive_attributes": [],
          "private": "eyJlMmJmYjczMC1lY2FhLTExZTYtOGY4OC0zNDM2M2JjN2M0YzAiOnsiY3JlYXRlIjozNjAwMDAwMDAwMDAwLCJkZWxldGUiOjM2MDAwMDAwMDAwMDAsInVwZGF0ZSI6MzYwMDAwMDAwMDAwMH19",
          "dependencies": [
            "aws_eks_cluster.tfer--microservices-container-grouping",
            "data.terraform_remote_state.sg"
          ]
        }
      ]
    },
    {
      "mode": "managed",
      "type": "aws_eks_node_group",
      "name": "tfer--by-stack",
      "provider": "provider[\"registry.terraform.io/hashicorp/aws\"]",
      "instances": [
        {
          "schema_version": 0,
          "attributes": {
            "ami_type": "AL2_x86_64",
            "arn": "arn:aws:eks:sa-east-1:380285632927:nodegroup/microservices-container-grouping/by-stack/2cc303fc-ec77-b813-0439-659fb81d9aff",
            "capacity_type": "ON_DEMAND",
            "cluster_name": "microservices-container-grouping",
            "disk_size": 50,
            "force_update_version": null,
            "id": "microservices-container-grouping:by-stack",
            "instance_types": [
              "t3.xlarge"
            ],
            "labels": {
              "namespace": "by-stack"
            },
            "launch_template": [],
            "node_group_name": "by-stack",
            "node_group_name_prefix": "",
            "node_role_arn": "arn:aws:iam::380285632927:role/prod-usp-icmc20220415190108421000000009",
            "release_version": "1.21.14-20230105",
            "remote_access": [],
            "resources": [
              {
                "autoscaling_groups": [
                  {
                    "name": "eks-by-stack-2cc303fc-ec77-b813-0439-659fb81d9aff"
                  }
                ],
                "remote_access_security_group_id": ""
              }
            ],
            "scaling_config": [
              {
                "desired_size": 1,
                "max_size": 1,
                "min_size": 1
              }
            ],
            "status": "ACTIVE",
            "subnet_ids": [
              "subnet-0312ec158c3ce9da3",
              "subnet-036215055911f9bd3",
              "subnet-07c048f336b37d2ef"
            ],
            "tags": {},
            "tags_all": {},
            "taint": [
              {
                "effect": "NO_SCHEDULE",
                "key": "namespace",
                "value": "by-stack"
              }
            ],
            "timeouts": null,
            "update_config": [
              {
                "max_unavailable": 1,
                "max_unavailable_percentage": 0
              }
            ],
            "version": "1.21"
          },
          "sensitive_attributes": [],
          "private": "eyJlMmJmYjczMC1lY2FhLTExZTYtOGY4OC0zNDM2M2JjN2M0YzAiOnsiY3JlYXRlIjozNjAwMDAwMDAwMDAwLCJkZWxldGUiOjM2MDAwMDAwMDAwMDAsInVwZGF0ZSI6MzYwMDAwMDAwMDAwMH19",
          "dependencies": [
            "aws_eks_cluster.tfer--microservices-container-grouping",
            "data.terraform_remote_state.sg"
          ]
        }
      ]
    },
    {
      "mode": "managed",
      "type": "aws_eks_node_group",
      "name": "tfer--kubecost",
      "provider": "provider[\"registry.terraform.io/hashicorp/aws\"]",
      "instances": [
        {
          "schema_version": 0,
          "attributes": {
            "ami_type": "AL2_x86_64",
            "arn": "arn:aws:eks:sa-east-1:380285632927:nodegroup/microservices-container-grouping/kubecost/42c302e7-c88c-fd74-5588-88cc58f719bb",
            "capacity_type": "ON_DEMAND",
            "cluster_name": "microservices-container-grouping",
            "disk_size": 20,
            "force_update_version": null,
            "id": "microservices-container-grouping:kubecost",
            "instance_types": [
              "t3.medium"
            ],
            "labels": {},
            "launch_template": [],
            "node_group_name": "kubecost",
            "node_group_name_prefix": "",
            "node_role_arn": "arn:aws:iam::380285632927:role/prod-usp-icmc20220415190108421000000009",
            "release_version": "1.21.14-20230105",
            "remote_access": [],
            "resources": [
              {
                "autoscaling_groups": [
                  {
                    "name": "eks-kubecost-42c302e7-c88c-fd74-5588-88cc58f719bb"
                  }
                ],
                "remote_access_security_group_id": ""
              }
            ],
            "scaling_config": [
              {
                "desired_size": 1,
                "max_size": 1,
                "min_size": 1
              }
            ],
            "status": "ACTIVE",
            "subnet_ids": [
              "subnet-0312ec158c3ce9da3",
              "subnet-036215055911f9bd3",
              "subnet-07c048f336b37d2ef"
            ],
            "tags": {},
            "tags_all": {},
            "taint": [],
            "timeouts": {
              "create": null,
              "delete": null,
              "update": null
            },
            "update_config": [
              {
                "max_unavailable": 1,
                "max_unavailable_percentage": 0
              }
            ],
            "version": "1.21"
          },
          "sensitive_attributes": [],
          "dependencies": [
            "aws_eks_cluster.tfer--microservices-container-grouping",
            "data.terraform_remote_state.sg"
          ]
        }
      ]
    },
    {
      "mode": "managed",
      "type": "aws_eks_node_group",
      "name": "tfer--load-test",
      "provider": "provider[\"registry.terraform.io/hashicorp/aws\"]",
      "instances": [
        {
          "schema_version": 0,
          "attributes": {
            "ami_type": "AL2_x86_64",
            "arn": "arn:aws:eks:sa-east-1:380285632927:nodegroup/microservices-container-grouping/load-test/cec30685-8f09-93b3-7d8e-cab43e3f1fd2",
            "capacity_type": "ON_DEMAND",
            "cluster_name": "microservices-container-grouping",
            "disk_size": 20,
            "force_update_version": null,
            "id": "microservices-container-grouping:load-test",
            "instance_types": [
              "c5.2xlarge"
            ],
            "labels": {
              "namespace": "load-test"
            },
            "launch_template": [],
            "node_group_name": "load-test",
            "node_group_name_prefix": "",
            "node_role_arn": "arn:aws:iam::380285632927:role/prod-usp-icmc20220415190108421000000009",
            "release_version": "1.21.14-20230105",
            "remote_access": [
              {
                "ec2_ssh_key": "MICROSERVICES-CONTAINER-GROUPING",
                "source_security_group_ids": [
                  "sg-021d715d29fbcdb31",
                  "sg-0ed0f3d98622ccd1e"
                ]
              }
            ],
            "resources": [
              {
                "autoscaling_groups": [
                  {
                    "name": "eks-load-test-cec30685-8f09-93b3-7d8e-cab43e3f1fd2"
                  }
                ],
                "remote_access_security_group_id": "sg-0e3dfc038de154f26"
              }
            ],
            "scaling_config": [
              {
                "desired_size": 1,
                "max_size": 1,
                "min_size": 1
              }
            ],
            "status": "ACTIVE",
            "subnet_ids": [
              "subnet-0312ec158c3ce9da3",
              "subnet-036215055911f9bd3",
              "subnet-07c048f336b37d2ef"
            ],
            "tags": {},
            "tags_all": {},
            "taint": [
              {
                "effect": "NO_SCHEDULE",
                "key": "namespace",
                "value": "load-test"
              }
            ],
            "timeouts": null,
            "update_config": [
              {
                "max_unavailable": 1,
                "max_unavailable_percentage": 0
              }
            ],
            "version": "1.21"
          },
          "sensitive_attributes": [],
          "private": "eyJlMmJmYjczMC1lY2FhLTExZTYtOGY4OC0zNDM2M2JjN2M0YzAiOnsiY3JlYXRlIjozNjAwMDAwMDAwMDAwLCJkZWxldGUiOjM2MDAwMDAwMDAwMDAsInVwZGF0ZSI6MzYwMDAwMDAwMDAwMH19",
          "dependencies": [
            "aws_eks_cluster.tfer--microservices-container-grouping",
            "data.terraform_remote_state.sg"
          ]
        }
      ]
    },
    {
      "mode": "managed",
      "type": "aws_eks_node_group",
      "name": "tfer--logging",
      "provider": "provider[\"registry.terraform.io/hashicorp/aws\"]",
      "instances": [
        {
          "schema_version": 0,
          "attributes": {
            "ami_type": "AL2_x86_64",
            "arn": "arn:aws:eks:sa-east-1:380285632927:nodegroup/microservices-container-grouping/logging/f2c31b0e-0218-dd37-96b0-f1c5f3a564a8",
            "capacity_type": "ON_DEMAND",
            "cluster_name": "microservices-container-grouping",
            "disk_size": 20,
            "force_update_version": null,
            "id": "microservices-container-grouping:logging",
            "instance_types": [
              "t3.xlarge"
            ],
            "labels": {
              "namespace": "logging"
            },
            "launch_template": [],
            "node_group_name": "logging",
            "node_group_name_prefix": "",
            "node_role_arn": "arn:aws:iam::380285632927:role/prod-usp-icmc20220415190108421000000009",
            "release_version": "1.21.14-20230105",
            "remote_access": [],
            "resources": [
              {
                "autoscaling_groups": [
                  {
                    "name": "eks-logging-f2c31b0e-0218-dd37-96b0-f1c5f3a564a8"
                  }
                ],
                "remote_access_security_group_id": ""
              }
            ],
            "scaling_config": [
              {
                "desired_size": 1,
                "max_size": 1,
                "min_size": 1
              }
            ],
            "status": "ACTIVE",
            "subnet_ids": [
              "subnet-0312ec158c3ce9da3",
              "subnet-036215055911f9bd3",
              "subnet-07c048f336b37d2ef"
            ],
            "tags": null,
            "tags_all": {},
            "taint": [
              {
                "effect": "NO_SCHEDULE",
                "key": "namespace",
                "value": "logging"
              }
            ],
            "timeouts": null,
            "update_config": [
              {
                "max_unavailable": 1,
                "max_unavailable_percentage": 0
              }
            ],
            "version": "1.21"
          },
          "sensitive_attributes": [],
          "private": "eyJlMmJmYjczMC1lY2FhLTExZTYtOGY4OC0zNDM2M2JjN2M0YzAiOnsiY3JlYXRlIjozNjAwMDAwMDAwMDAwLCJkZWxldGUiOjM2MDAwMDAwMDAwMDAsInVwZGF0ZSI6MzYwMDAwMDAwMDAwMH19",
          "dependencies": [
            "aws_eks_cluster.tfer--microservices-container-grouping"
          ]
        }
      ]
    },
    {
      "mode": "managed",
      "type": "aws_eks_node_group",
      "name": "tfer--monitoring",
      "provider": "provider[\"registry.terraform.io/hashicorp/aws\"]",
      "instances": [
        {
          "schema_version": 0,
          "attributes": {
            "ami_type": "AL2_x86_64",
            "arn": "arn:aws:eks:sa-east-1:380285632927:nodegroup/microservices-container-grouping/monitoring/26c302e7-c8a0-b121-2378-e8cd41ea88bd",
            "capacity_type": "ON_DEMAND",
            "cluster_name": "microservices-container-grouping",
            "disk_size": 20,
            "force_update_version": null,
            "id": "microservices-container-grouping:monitoring",
            "instance_types": [
              "t3.medium"
            ],
            "labels": {
              "namespace": "monitoring"
            },
            "launch_template": [],
            "node_group_name": "monitoring",
            "node_group_name_prefix": "",
            "node_role_arn": "arn:aws:iam::380285632927:role/prod-usp-icmc20220415190108421000000009",
            "release_version": "1.21.14-20230105",
            "remote_access": [],
            "resources": [
              {
                "autoscaling_groups": [
                  {
                    "name": "eks-monitoring-26c302e7-c8a0-b121-2378-e8cd41ea88bd"
                  }
                ],
                "remote_access_security_group_id": ""
              }
            ],
            "scaling_config": [
              {
                "desired_size": 1,
                "max_size": 1,
                "min_size": 1
              }
            ],
            "status": "ACTIVE",
            "subnet_ids": [
              "subnet-0312ec158c3ce9da3",
              "subnet-036215055911f9bd3",
              "subnet-07c048f336b37d2ef"
            ],
            "tags": {},
            "tags_all": {},
            "taint": [
              {
                "effect": "NO_SCHEDULE",
                "key": "namespace",
                "value": "monitoring"
              }
            ],
            "timeouts": {
              "create": null,
              "delete": null,
              "update": null
            },
            "update_config": [
              {
                "max_unavailable": 1,
                "max_unavailable_percentage": 0
              }
            ],
            "version": "1.21"
          },
          "sensitive_attributes": [],
          "dependencies": [
            "aws_eks_cluster.tfer--microservices-container-grouping",
            "data.terraform_remote_state.sg"
          ]
        }
      ]
    }
  ],
  "check_results": null
}
