{
  "version": 4,
  "terraform_version": "1.5.5",
  "serial": 149,
  "lineage": "ce7cfcae-5773-49ff-a43e-98137429c542",
  "outputs": {
    "aws_eks_cluster_tfer--microservices-container-grouping_id": {
      "value": "microservices-container-grouping",
      "type": "string"
    },
    "aws_eks_node_group_tfer--kubecost_id": {
      "value": "microservices-container-grouping:kubecost",
      "type": "string"
    },
    "aws_eks_node_group_tfer--load-test_id": {
      "value": "microservices-container-grouping:load-test",
      "type": "string"
    },
    "aws_eks_node_group_tfer--monitoring_id": {
      "value": "microservices-container-grouping:monitoring",
      "type": "string"
    }
  },
  "resources": [
    {
      "mode": "data",
      "type": "terraform_remote_state",
      "name": "sg",
      "provider": "provider[\"terraform.io/builtin/terraform\"]",
      "instances": [
        {
          "schema_version": 0,
          "attributes": {
            "backend": "local",
            "config": {
              "value": {
                "path": "../../../generated/aws/sg/terraform.tfstate"
              },
              "type": [
                "object",
                {
                  "path": "string"
                }
              ]
            },
            "defaults": null,
            "outputs": {
              "value": {
                "aws_security_group_tfer--default_sg-038f3d4e42f32b15b_id": "sg-038f3d4e42f32b15b",
                "aws_security_group_tfer--eks-cluster-sg-microservices-container-grouping-757149350_sg-04fcb2519505c9a5b_id": "sg-04fcb2519505c9a5b",
                "aws_security_group_tfer--eks-cluster-sg-microservices-grouping-cluster-588055163_sg-021d715d29fbcdb31_id": "sg-021d715d29fbcdb31",
                "aws_security_group_tfer--eks-microservices-container-grouping-allinone_sg-03ef90fe3d1eb39ec_id": "sg-03ef90fe3d1eb39ec",
                "aws_security_group_tfer--eks-microservices-container-grouping-benchmark_sg-0190bcce7e72cc63c_id": "sg-0190bcce7e72cc63c",
                "aws_security_group_tfer--eks-microservices-container-grouping-by-dependencies_sg-0b2e001bb2a91a8f5_id": "sg-0b2e001bb2a91a8f5",
                "aws_security_group_tfer--eks-microservices-container-grouping-by-stack_sg-009155310a9c34015_id": "sg-009155310a9c34015",
                "aws_security_group_tfer--eks-microservices-container-grouping-loadtest_sg-0ed0f3d98622ccd1e_id": "sg-0ed0f3d98622ccd1e",
                "aws_security_group_tfer--eks-microservices-container-grouping-monitoring_sg-0d1322b8a0560a461_id": "sg-0d1322b8a0560a461",
                "aws_security_group_tfer--eks-remoteAccess-a6c302e7-c8f4-7eef-e040-d2d3200b1230_sg-00a2a4350c6ad4a16_id": "sg-00a2a4350c6ad4a16",
                "aws_security_group_tfer--launch-wizard-1_sg-05c8121b1f7a1fddb_id": "sg-05c8121b1f7a1fddb",
                "aws_security_group_tfer--launch-wizard-2_sg-03ecee22d4f4c264b_id": "sg-03ecee22d4f4c264b",
                "aws_security_group_tfer--launch-wizard-3_sg-05d7edc277575a5ab_id": "sg-05d7edc277575a5ab",
                "aws_security_group_tfer--launch-wizard-4_sg-0ffcaa8431e6564c3_id": "sg-0ffcaa8431e6564c3",
                "aws_security_group_tfer--launch-wizard-5_sg-0b37bd6013d9e51e0_id": "sg-0b37bd6013d9e51e0",
                "aws_security_group_tfer--launch-wizard-6_sg-0ea6d76cd3731b645_id": "sg-0ea6d76cd3731b645",
                "aws_security_group_tfer--provision-name-loadtest-seg_sg-05c41629ec6825b44_id": "sg-05c41629ec6825b44"
              },
              "type": [
                "object",
                {
                  "aws_security_group_tfer--default_sg-038f3d4e42f32b15b_id": "string",
                  "aws_security_group_tfer--eks-cluster-sg-microservices-container-grouping-757149350_sg-04fcb2519505c9a5b_id": "string",
                  "aws_security_group_tfer--eks-cluster-sg-microservices-grouping-cluster-588055163_sg-021d715d29fbcdb31_id": "string",
                  "aws_security_group_tfer--eks-microservices-container-grouping-allinone_sg-03ef90fe3d1eb39ec_id": "string",
                  "aws_security_group_tfer--eks-microservices-container-grouping-benchmark_sg-0190bcce7e72cc63c_id": "string",
                  "aws_security_group_tfer--eks-microservices-container-grouping-by-dependencies_sg-0b2e001bb2a91a8f5_id": "string",
                  "aws_security_group_tfer--eks-microservices-container-grouping-by-stack_sg-009155310a9c34015_id": "string",
                  "aws_security_group_tfer--eks-microservices-container-grouping-loadtest_sg-0ed0f3d98622ccd1e_id": "string",
                  "aws_security_group_tfer--eks-microservices-container-grouping-monitoring_sg-0d1322b8a0560a461_id": "string",
                  "aws_security_group_tfer--eks-remoteAccess-a6c302e7-c8f4-7eef-e040-d2d3200b1230_sg-00a2a4350c6ad4a16_id": "string",
                  "aws_security_group_tfer--launch-wizard-1_sg-05c8121b1f7a1fddb_id": "string",
                  "aws_security_group_tfer--launch-wizard-2_sg-03ecee22d4f4c264b_id": "string",
                  "aws_security_group_tfer--launch-wizard-3_sg-05d7edc277575a5ab_id": "string",
                  "aws_security_group_tfer--launch-wizard-4_sg-0ffcaa8431e6564c3_id": "string",
                  "aws_security_group_tfer--launch-wizard-5_sg-0b37bd6013d9e51e0_id": "string",
                  "aws_security_group_tfer--launch-wizard-6_sg-0ea6d76cd3731b645_id": "string",
                  "aws_security_group_tfer--provision-name-loadtest-seg_sg-05c41629ec6825b44_id": "string"
                }
              ]
            },
            "workspace": null
          },
          "sensitive_attributes": []
        }
      ]
    },
    {
      "mode": "managed",
      "type": "aws_eks_cluster",
      "name": "tfer--microservices-container-grouping",
      "provider": "provider[\"registry.terraform.io/hashicorp/aws\"]",
      "instances": [
        {
          "schema_version": 0,
          "attributes": {
            "arn": "arn:aws:eks:sa-east-1:380285632927:cluster/microservices-container-grouping",
            "certificate_authority": [
              {
                "data": "LS0tLS1CRUdJTiBDRVJUSUZJQ0FURS0tLS0tCk1JSUMvakNDQWVhZ0F3SUJBZ0lCQURBTkJna3Foa2lHOXcwQkFRc0ZBREFWTVJNd0VRWURWUVFERXdwcmRXSmwKY201bGRHVnpNQjRYRFRJek1EZ3hOVEUzTWpJME1sb1hEVE16TURneE1qRTNNakkwTWxvd0ZURVRNQkVHQTFVRQpBeE1LYTNWaVpYSnVaWFJsY3pDQ0FTSXdEUVlKS29aSWh2Y05BUUVCQlFBRGdnRVBBRENDQVFvQ2dnRUJBTkozCkZtclh6YWRiZFQzTWFQVnljRXdOT2xCNHh3L0tWWXFtUlVPaWhhY216dU9RYXBSamVCeUtoZ0pHN3FVTVFwNUUKZ1FhdWVMT1J1L05kdTl2NFdodXBaK2FZbTE2M3U0bzZKV29qb1BLdXkzc3M0YTF6aTdTYm5lYzhGNWJCbmR5cgo0Rk1wT1VzSjRPckR2RHBHR1ZDNUsrcFl1ckdsazhTMjhreHhYaDVZKzZTT2NiaENtdXBINGZIUjFmN3hveEVIClBHRDMzalloZ2JHUm04M0NyTGVNazQ2RlhyczVwSlhsS2RvWW5xMWNBVjlkQ0tnWEd5NnN3MU9XbG9nMGZxTVAKVGhsaXY5RVBMdnhqUlp3aG5rWHZjZ1h6NlJDTWtvUUMxdjJMNmpJeG9wQnhKeGIzTzFmT0VYZ0tCZTgyMERaVwpyRExrWHIzTXRocnhETTB2T1JzQ0F3RUFBYU5aTUZjd0RnWURWUjBQQVFIL0JBUURBZ0trTUE4R0ExVWRFd0VCCi93UUZNQU1CQWY4d0hRWURWUjBPQkJZRUZOSGl4dVkzSXFOSUxHTUhOSmR3Mk8wdUI3WXNNQlVHQTFVZEVRUU8KTUF5Q0NtdDFZbVZ5Ym1WMFpYTXdEUVlKS29aSWh2Y05BUUVMQlFBRGdnRUJBRlBlaFl3M0U3QlZuQ1lSdEc5cgpDVGZVaVZUNG50YVZHRHB2Nnd4TEhhUWcrYzBEcDFOTW9BTzlSYmlIS0FxUmNTSVJxTWFuZDExaUVPeU1DT2VRCk94aHNvdGd2SU1sOU5oQTBzVzNiMFdJL2lxTkwyaUNkeCt1dTc2T2Y3UXE5K3FEeTRTVVdmQWZ6bEZxRkhmM0UKQzJIcTFJc1JtY2Z3WTVHOSt1TUhkOHBJUE9JSUM1bmVzekVEcjZPdmxMNTV1aC9UUi91S3Q0bENuMHNpREZzZgptM3NEUGdqRW5LNTNoNW4zRWlXWHU2aFJYb2Y4WW9hdk85c0lXaWFTTVQyak9qaFdQdEl1M0c4emJYdHA1eFl1CkVTQmhPMEgrNTFQTmJKcDE0YTVTRVRrNVQ0YWVmZTFudExqUGFGSDFJNEZ6WnpONmRFYm5MREc1N1B6bUUxTi8Kc2YwPQotLS0tLUVORCBDRVJUSUZJQ0FURS0tLS0tCg=="
              }
            ],
            "cluster_id": null,
            "created_at": "2023-08-15 17:17:45.435 +0000 UTC",
            "enabled_cluster_log_types": [
              "api",
              "audit",
              "controllerManager"
            ],
            "encryption_config": [],
            "endpoint": "https://9958487900B1616FF4B3B33E4B57207D.gr7.sa-east-1.eks.amazonaws.com",
            "id": "microservices-container-grouping",
            "identity": [
              {
                "oidc": [
                  {
                    "issuer": "https://oidc.eks.sa-east-1.amazonaws.com/id/9958487900B1616FF4B3B33E4B57207D"
                  }
                ]
              }
            ],
            "kubernetes_network_config": [
              {
                "ip_family": "ipv4",
                "service_ipv4_cidr": "10.100.0.0/16",
                "service_ipv6_cidr": ""
              }
            ],
            "name": "microservices-container-grouping",
            "outpost_config": [],
            "platform_version": "eks.11",
            "role_arn": "arn:aws:iam::380285632927:role/prod-usp-icmc20220415185049499400000003",
            "status": "ACTIVE",
            "tags": {
              "User": "FernandoHenriqueBuzato",
              "experiment": "microservices-grouping"
            },
            "tags_all": {
              "User": "FernandoHenriqueBuzato",
              "experiment": "microservices-grouping"
            },
            "timeouts": null,
            "version": "1.23",
            "vpc_config": [
              {
                "cluster_security_group_id": "sg-07367c1b8b8fd1504",
                "endpoint_private_access": false,
                "endpoint_public_access": true,
                "public_access_cidrs": [
                  "0.0.0.0/0"
                ],
                "security_group_ids": [
                  "sg-021d715d29fbcdb31"
                ],
                "subnet_ids": [
                  "subnet-0312ec158c3ce9da3",
                  "subnet-036215055911f9bd3",
                  "subnet-07c048f336b37d2ef"
                ],
                "vpc_id": "vpc-0f3fe466d0a9ccab0"
              }
            ]
          },
          "sensitive_attributes": [],
          "private": "eyJlMmJmYjczMC1lY2FhLTExZTYtOGY4OC0zNDM2M2JjN2M0YzAiOnsiY3JlYXRlIjoxODAwMDAwMDAwMDAwLCJkZWxldGUiOjkwMDAwMDAwMDAwMCwidXBkYXRlIjozNjAwMDAwMDAwMDAwfX0=",
          "dependencies": [
            "data.terraform_remote_state.sg"
          ]
        }
      ]
    },
    {
      "mode": "managed",
      "type": "aws_eks_node_group",
      "name": "tfer--all-in-one",
      "provider": "provider[\"registry.terraform.io/hashicorp/aws\"]",
      "instances": [
        {
          "schema_version": 0,
          "attributes": {
            "ami_type": "AL2_x86_64",
            "arn": "arn:aws:eks:sa-east-1:380285632927:nodegroup/microservices-container-grouping/all-in-one/80c4fd1d-7bb9-0b65-ac98-d1cb8d6a05ec",
            "capacity_type": "ON_DEMAND",
            "cluster_name": "microservices-container-grouping",
            "disk_size": 50,
            "force_update_version": null,
            "id": "microservices-container-grouping:all-in-one",
            "instance_types": [
              "t3.xlarge"
            ],
            "labels": {
              "namespace": "all-in-one"
            },
            "launch_template": [],
            "node_group_name": "all-in-one",
            "node_group_name_prefix": "",
            "node_role_arn": "arn:aws:iam::380285632927:role/prod-usp-icmc20220415190108421000000009",
            "release_version": "1.23.17-20230728",
            "remote_access": [],
            "resources": [
              {
                "autoscaling_groups": [
                  {
                    "name": "eks-all-in-one-80c4fd1d-7bb9-0b65-ac98-d1cb8d6a05ec"
                  }
                ],
                "remote_access_security_group_id": ""
              }
            ],
            "scaling_config": [
              {
                "desired_size": 1,
                "max_size": 1,
                "min_size": 1
              }
            ],
            "status": "ACTIVE",
            "subnet_ids": [
              "subnet-0312ec158c3ce9da3",
              "subnet-036215055911f9bd3",
              "subnet-07c048f336b37d2ef"
            ],
            "tags": null,
            "tags_all": {},
            "taint": [
              {
                "effect": "NO_SCHEDULE",
                "key": "namespace",
                "value": "all-in-one"
              }
            ],
            "timeouts": null,
            "update_config": [
              {
                "max_unavailable": 1,
                "max_unavailable_percentage": 0
              }
            ],
            "version": "1.23"
          },
          "sensitive_attributes": [],
          "private": "eyJlMmJmYjczMC1lY2FhLTExZTYtOGY4OC0zNDM2M2JjN2M0YzAiOnsiY3JlYXRlIjozNjAwMDAwMDAwMDAwLCJkZWxldGUiOjM2MDAwMDAwMDAwMDAsInVwZGF0ZSI6MzYwMDAwMDAwMDAwMH19",
          "dependencies": [
            "aws_eks_cluster.tfer--microservices-container-grouping",
            "data.terraform_remote_state.sg"
          ]
        }
      ]
    },
    {
      "mode": "managed",
      "type": "aws_eks_node_group",
      "name": "tfer--benchmark",
      "provider": "provider[\"registry.terraform.io/hashicorp/aws\"]",
      "instances": [
        {
          "schema_version": 0,
          "attributes": {
            "ami_type": "AL2_x86_64",
            "arn": "arn:aws:eks:sa-east-1:380285632927:nodegroup/microservices-container-grouping/benchmark/72c4fd1d-7ba5-ad19-79a0-4c25af656b15",
            "capacity_type": "ON_DEMAND",
            "cluster_name": "microservices-container-grouping",
            "disk_size": 50,
            "force_update_version": null,
            "id": "microservices-container-grouping:benchmark",
            "instance_types": [
              "t3.xlarge"
            ],
            "labels": {
              "namespace": "benchmark"
            },
            "launch_template": [],
            "node_group_name": "benchmark",
            "node_group_name_prefix": "",
            "node_role_arn": "arn:aws:iam::380285632927:role/prod-usp-icmc20220415190108421000000009",
            "release_version": "1.23.17-20230728",
            "remote_access": [],
            "resources": [
              {
                "autoscaling_groups": [
                  {
                    "name": "eks-benchmark-72c4fd1d-7ba5-ad19-79a0-4c25af656b15"
                  }
                ],
                "remote_access_security_group_id": ""
              }
            ],
            "scaling_config": [
              {
                "desired_size": 1,
                "max_size": 1,
                "min_size": 1
              }
            ],
            "status": "ACTIVE",
            "subnet_ids": [
              "subnet-0312ec158c3ce9da3",
              "subnet-036215055911f9bd3",
              "subnet-07c048f336b37d2ef"
            ],
            "tags": null,
            "tags_all": {},
            "taint": [
              {
                "effect": "NO_SCHEDULE",
                "key": "namespace",
                "value": "benchmark"
              }
            ],
            "timeouts": null,
            "update_config": [
              {
                "max_unavailable": 1,
                "max_unavailable_percentage": 0
              }
            ],
            "version": "1.23"
          },
          "sensitive_attributes": [],
          "private": "eyJlMmJmYjczMC1lY2FhLTExZTYtOGY4OC0zNDM2M2JjN2M0YzAiOnsiY3JlYXRlIjozNjAwMDAwMDAwMDAwLCJkZWxldGUiOjM2MDAwMDAwMDAwMDAsInVwZGF0ZSI6MzYwMDAwMDAwMDAwMH19",
          "dependencies": [
            "aws_eks_cluster.tfer--microservices-container-grouping",
            "data.terraform_remote_state.sg"
          ]
        }
      ]
    },
    {
      "mode": "managed",
      "type": "aws_eks_node_group",
      "name": "tfer--by-dependencies",
      "provider": "provider[\"registry.terraform.io/hashicorp/aws\"]",
      "instances": [
        {
          "schema_version": 0,
          "attributes": {
            "ami_type": "AL2_x86_64",
            "arn": "arn:aws:eks:sa-east-1:380285632927:nodegroup/microservices-container-grouping/by-dependencies/7ac4fd1d-7ba6-f3c6-cbf1-f63c5da1ce1a",
            "capacity_type": "ON_DEMAND",
            "cluster_name": "microservices-container-grouping",
            "disk_size": 50,
            "force_update_version": null,
            "id": "microservices-container-grouping:by-dependencies",
            "instance_types": [
              "t3.xlarge"
            ],
            "labels": {
              "namespace": "by-dependencies"
            },
            "launch_template": [],
            "node_group_name": "by-dependencies",
            "node_group_name_prefix": "",
            "node_role_arn": "arn:aws:iam::380285632927:role/prod-usp-icmc20220415190108421000000009",
            "release_version": "1.23.17-20230728",
            "remote_access": [],
            "resources": [
              {
                "autoscaling_groups": [
                  {
                    "name": "eks-by-dependencies-7ac4fd1d-7ba6-f3c6-cbf1-f63c5da1ce1a"
                  }
                ],
                "remote_access_security_group_id": ""
              }
            ],
            "scaling_config": [
              {
                "desired_size": 1,
                "max_size": 1,
                "min_size": 1
              }
            ],
            "status": "ACTIVE",
            "subnet_ids": [
              "subnet-0312ec158c3ce9da3",
              "subnet-036215055911f9bd3",
              "subnet-07c048f336b37d2ef"
            ],
            "tags": null,
            "tags_all": {},
            "taint": [
              {
                "effect": "NO_SCHEDULE",
                "key": "namespace",
                "value": "by-dependencies"
              }
            ],
            "timeouts": null,
            "update_config": [
              {
                "max_unavailable": 1,
                "max_unavailable_percentage": 0
              }
            ],
            "version": "1.23"
          },
          "sensitive_attributes": [],
          "private": "eyJlMmJmYjczMC1lY2FhLTExZTYtOGY4OC0zNDM2M2JjN2M0YzAiOnsiY3JlYXRlIjozNjAwMDAwMDAwMDAwLCJkZWxldGUiOjM2MDAwMDAwMDAwMDAsInVwZGF0ZSI6MzYwMDAwMDAwMDAwMH19",
          "dependencies": [
            "aws_eks_cluster.tfer--microservices-container-grouping",
            "data.terraform_remote_state.sg"
          ]
        }
      ]
    },
    {
      "mode": "managed",
      "type": "aws_eks_node_group",
      "name": "tfer--by-stack",
      "provider": "provider[\"registry.terraform.io/hashicorp/aws\"]",
      "instances": [
        {
          "schema_version": 0,
          "attributes": {
            "ami_type": "AL2_x86_64",
            "arn": "arn:aws:eks:sa-east-1:380285632927:nodegroup/microservices-container-grouping/by-stack/98c4fd1d-7ba7-3e48-9f4d-6a8370828766",
            "capacity_type": "ON_DEMAND",
            "cluster_name": "microservices-container-grouping",
            "disk_size": 50,
            "force_update_version": null,
            "id": "microservices-container-grouping:by-stack",
            "instance_types": [
              "t3.xlarge"
            ],
            "labels": {
              "namespace": "by-stack"
            },
            "launch_template": [],
            "node_group_name": "by-stack",
            "node_group_name_prefix": "",
            "node_role_arn": "arn:aws:iam::380285632927:role/prod-usp-icmc20220415190108421000000009",
            "release_version": "1.23.17-20230728",
            "remote_access": [],
            "resources": [
              {
                "autoscaling_groups": [
                  {
                    "name": "eks-by-stack-98c4fd1d-7ba7-3e48-9f4d-6a8370828766"
                  }
                ],
                "remote_access_security_group_id": ""
              }
            ],
            "scaling_config": [
              {
                "desired_size": 1,
                "max_size": 1,
                "min_size": 1
              }
            ],
            "status": "ACTIVE",
            "subnet_ids": [
              "subnet-0312ec158c3ce9da3",
              "subnet-036215055911f9bd3",
              "subnet-07c048f336b37d2ef"
            ],
            "tags": null,
            "tags_all": {},
            "taint": [
              {
                "effect": "NO_SCHEDULE",
                "key": "namespace",
                "value": "by-stack"
              }
            ],
            "timeouts": null,
            "update_config": [
              {
                "max_unavailable": 1,
                "max_unavailable_percentage": 0
              }
            ],
            "version": "1.23"
          },
          "sensitive_attributes": [],
          "private": "eyJlMmJmYjczMC1lY2FhLTExZTYtOGY4OC0zNDM2M2JjN2M0YzAiOnsiY3JlYXRlIjozNjAwMDAwMDAwMDAwLCJkZWxldGUiOjM2MDAwMDAwMDAwMDAsInVwZGF0ZSI6MzYwMDAwMDAwMDAwMH19",
          "dependencies": [
            "aws_eks_cluster.tfer--microservices-container-grouping",
            "data.terraform_remote_state.sg"
          ]
        }
      ]
    },
    {
      "mode": "managed",
      "type": "aws_eks_node_group",
      "name": "tfer--kubecost",
      "provider": "provider[\"registry.terraform.io/hashicorp/aws\"]",
      "instances": [
        {
          "schema_version": 0,
          "attributes": {
            "ami_type": "AL2_x86_64",
            "arn": "arn:aws:eks:sa-east-1:380285632927:nodegroup/microservices-container-grouping/kubecost/0ac4fd1d-7bab-0fec-d11a-dfb242402265",
            "capacity_type": "ON_DEMAND",
            "cluster_name": "microservices-container-grouping",
            "disk_size": 20,
            "force_update_version": null,
            "id": "microservices-container-grouping:kubecost",
            "instance_types": [
              "t3.medium"
            ],
            "labels": null,
            "launch_template": [],
            "node_group_name": "kubecost",
            "node_group_name_prefix": "",
            "node_role_arn": "arn:aws:iam::380285632927:role/prod-usp-icmc20220415190108421000000009",
            "release_version": "1.23.17-20230728",
            "remote_access": [],
            "resources": [
              {
                "autoscaling_groups": [
                  {
                    "name": "eks-kubecost-0ac4fd1d-7bab-0fec-d11a-dfb242402265"
                  }
                ],
                "remote_access_security_group_id": ""
              }
            ],
            "scaling_config": [
              {
                "desired_size": 1,
                "max_size": 1,
                "min_size": 1
              }
            ],
            "status": "ACTIVE",
            "subnet_ids": [
              "subnet-036215055911f9bd3"
            ],
            "tags": null,
            "tags_all": {},
            "taint": [],
            "timeouts": null,
            "update_config": [
              {
                "max_unavailable": 1,
                "max_unavailable_percentage": 0
              }
            ],
            "version": "1.23"
          },
          "sensitive_attributes": [],
          "private": "eyJlMmJmYjczMC1lY2FhLTExZTYtOGY4OC0zNDM2M2JjN2M0YzAiOnsiY3JlYXRlIjozNjAwMDAwMDAwMDAwLCJkZWxldGUiOjM2MDAwMDAwMDAwMDAsInVwZGF0ZSI6MzYwMDAwMDAwMDAwMH19",
          "dependencies": [
            "aws_eks_cluster.tfer--microservices-container-grouping",
            "data.terraform_remote_state.sg"
          ]
        }
      ]
    },
    {
      "mode": "managed",
      "type": "aws_eks_node_group",
      "name": "tfer--load-test",
      "provider": "provider[\"registry.terraform.io/hashicorp/aws\"]",
      "instances": [
        {
          "schema_version": 0,
          "attributes": {
            "ami_type": "AL2_x86_64",
            "arn": "arn:aws:eks:sa-east-1:380285632927:nodegroup/microservices-container-grouping/load-test/80c4fd1d-7bb4-1e8a-d342-d58c3f43e4fe",
            "capacity_type": "ON_DEMAND",
            "cluster_name": "microservices-container-grouping",
            "disk_size": 20,
            "force_update_version": null,
            "id": "microservices-container-grouping:load-test",
            "instance_types": [
              "c5.2xlarge"
            ],
            "labels": {
              "namespace": "load-test"
            },
            "launch_template": [],
            "node_group_name": "load-test",
            "node_group_name_prefix": "",
            "node_role_arn": "arn:aws:iam::380285632927:role/prod-usp-icmc20220415190108421000000009",
            "release_version": "1.23.17-20230728",
            "remote_access": [
              {
                "ec2_ssh_key": "MICROSERVICES-CONTAINER-GROUPING",
                "source_security_group_ids": [
                  "sg-021d715d29fbcdb31",
                  "sg-0ed0f3d98622ccd1e"
                ]
              }
            ],
            "resources": [
              {
                "autoscaling_groups": [
                  {
                    "name": "eks-load-test-80c4fd1d-7bb4-1e8a-d342-d58c3f43e4fe"
                  }
                ],
                "remote_access_security_group_id": "sg-0d130507e4c996681"
              }
            ],
            "scaling_config": [
              {
                "desired_size": 1,
                "max_size": 1,
                "min_size": 1
              }
            ],
            "status": "ACTIVE",
            "subnet_ids": [
              "subnet-0312ec158c3ce9da3",
              "subnet-036215055911f9bd3",
              "subnet-07c048f336b37d2ef"
            ],
            "tags": null,
            "tags_all": {},
            "taint": [
              {
                "effect": "NO_SCHEDULE",
                "key": "namespace",
                "value": "load-test"
              }
            ],
            "timeouts": null,
            "update_config": [
              {
                "max_unavailable": 1,
                "max_unavailable_percentage": 0
              }
            ],
            "version": "1.23"
          },
          "sensitive_attributes": [],
          "private": "eyJlMmJmYjczMC1lY2FhLTExZTYtOGY4OC0zNDM2M2JjN2M0YzAiOnsiY3JlYXRlIjozNjAwMDAwMDAwMDAwLCJkZWxldGUiOjM2MDAwMDAwMDAwMDAsInVwZGF0ZSI6MzYwMDAwMDAwMDAwMH19",
          "dependencies": [
            "aws_eks_cluster.tfer--microservices-container-grouping",
            "data.terraform_remote_state.sg"
          ]
        }
      ]
    },
    {
      "mode": "managed",
      "type": "aws_eks_node_group",
      "name": "tfer--monitoring",
      "provider": "provider[\"registry.terraform.io/hashicorp/aws\"]",
      "instances": [
        {
          "schema_version": 0,
          "attributes": {
            "ami_type": "AL2_x86_64",
            "arn": "arn:aws:eks:sa-east-1:380285632927:nodegroup/microservices-container-grouping/monitoring/00c4fd1d-7bb1-5fa1-8611-6daf20fc47c7",
            "capacity_type": "ON_DEMAND",
            "cluster_name": "microservices-container-grouping",
            "disk_size": 20,
            "force_update_version": null,
            "id": "microservices-container-grouping:monitoring",
            "instance_types": [
              "t3.medium"
            ],
            "labels": {
              "namespace": "monitoring"
            },
            "launch_template": [],
            "node_group_name": "monitoring",
            "node_group_name_prefix": "",
            "node_role_arn": "arn:aws:iam::380285632927:role/prod-usp-icmc20220415190108421000000009",
            "release_version": "1.23.17-20230728",
            "remote_access": [],
            "resources": [
              {
                "autoscaling_groups": [
                  {
                    "name": "eks-monitoring-00c4fd1d-7bb1-5fa1-8611-6daf20fc47c7"
                  }
                ],
                "remote_access_security_group_id": ""
              }
            ],
            "scaling_config": [
              {
                "desired_size": 1,
                "max_size": 1,
                "min_size": 1
              }
            ],
            "status": "ACTIVE",
            "subnet_ids": [
              "subnet-036215055911f9bd3"
            ],
            "tags": null,
            "tags_all": {},
            "taint": [
              {
                "effect": "NO_SCHEDULE",
                "key": "namespace",
                "value": "monitoring"
              }
            ],
            "timeouts": null,
            "update_config": [
              {
                "max_unavailable": 1,
                "max_unavailable_percentage": 0
              }
            ],
            "version": "1.23"
          },
          "sensitive_attributes": [],
          "private": "eyJlMmJmYjczMC1lY2FhLTExZTYtOGY4OC0zNDM2M2JjN2M0YzAiOnsiY3JlYXRlIjozNjAwMDAwMDAwMDAwLCJkZWxldGUiOjM2MDAwMDAwMDAwMDAsInVwZGF0ZSI6MzYwMDAwMDAwMDAwMH19",
          "dependencies": [
            "aws_eks_cluster.tfer--microservices-container-grouping",
            "data.terraform_remote_state.sg"
          ]
        }
      ]
    }
  ],
  "check_results": null
}
