{
  "version": 4,
  "terraform_version": "1.6.6",
  "serial": 204,
  "lineage": "ce7cfcae-5773-49ff-a43e-98137429c542",
  "outputs": {
    "aws_eks_cluster_tfer--microservices-container-grouping_id": {
      "value": "microservices-container-grouping",
      "type": "string"
    },
    "aws_eks_node_group_tfer--kubecost_id": {
      "value": "microservices-container-grouping:kubecost",
      "type": "string"
    },
    "aws_eks_node_group_tfer--load-test_id": {
      "value": "microservices-container-grouping:load-test",
      "type": "string"
    },
    "aws_eks_node_group_tfer--monitoring_id": {
      "value": "microservices-container-grouping:monitoring",
      "type": "string"
    }
  },
  "resources": [
    {
      "mode": "data",
      "type": "terraform_remote_state",
      "name": "sg",
      "provider": "provider[\"terraform.io/builtin/terraform\"]",
      "instances": [
        {
          "schema_version": 0,
          "attributes": {
            "backend": "local",
            "config": {
              "value": {
                "path": "../../../generated/aws/sg/terraform.tfstate"
              },
              "type": [
                "object",
                {
                  "path": "string"
                }
              ]
            },
            "defaults": null,
            "outputs": {
              "value": {
                "aws_security_group_tfer--default_sg-038f3d4e42f32b15b_id": "sg-038f3d4e42f32b15b",
                "aws_security_group_tfer--eks-cluster-sg-microservices-container-grouping-757149350_sg-04fcb2519505c9a5b_id": "sg-04fcb2519505c9a5b",
                "aws_security_group_tfer--eks-cluster-sg-microservices-grouping-cluster-588055163_sg-021d715d29fbcdb31_id": "sg-021d715d29fbcdb31",
                "aws_security_group_tfer--eks-microservices-container-grouping-allinone_sg-03ef90fe3d1eb39ec_id": "sg-03ef90fe3d1eb39ec",
                "aws_security_group_tfer--eks-microservices-container-grouping-benchmark_sg-0190bcce7e72cc63c_id": "sg-0190bcce7e72cc63c",
                "aws_security_group_tfer--eks-microservices-container-grouping-by-dependencies_sg-0b2e001bb2a91a8f5_id": "sg-0b2e001bb2a91a8f5",
                "aws_security_group_tfer--eks-microservices-container-grouping-by-stack_sg-009155310a9c34015_id": "sg-009155310a9c34015",
                "aws_security_group_tfer--eks-microservices-container-grouping-loadtest_sg-0ed0f3d98622ccd1e_id": "sg-0ed0f3d98622ccd1e",
                "aws_security_group_tfer--eks-microservices-container-grouping-monitoring_sg-0d1322b8a0560a461_id": "sg-0d1322b8a0560a461",
                "aws_security_group_tfer--eks-remoteAccess-a6c302e7-c8f4-7eef-e040-d2d3200b1230_sg-00a2a4350c6ad4a16_id": "sg-00a2a4350c6ad4a16",
                "aws_security_group_tfer--launch-wizard-1_sg-05c8121b1f7a1fddb_id": "sg-05c8121b1f7a1fddb",
                "aws_security_group_tfer--launch-wizard-2_sg-03ecee22d4f4c264b_id": "sg-03ecee22d4f4c264b",
                "aws_security_group_tfer--launch-wizard-3_sg-05d7edc277575a5ab_id": "sg-05d7edc277575a5ab",
                "aws_security_group_tfer--launch-wizard-4_sg-0ffcaa8431e6564c3_id": "sg-0ffcaa8431e6564c3",
                "aws_security_group_tfer--launch-wizard-5_sg-0b37bd6013d9e51e0_id": "sg-0b37bd6013d9e51e0",
                "aws_security_group_tfer--launch-wizard-6_sg-0ea6d76cd3731b645_id": "sg-0ea6d76cd3731b645",
                "aws_security_group_tfer--provision-name-loadtest-seg_sg-05c41629ec6825b44_id": "sg-05c41629ec6825b44"
              },
              "type": [
                "object",
                {
                  "aws_security_group_tfer--default_sg-038f3d4e42f32b15b_id": "string",
                  "aws_security_group_tfer--eks-cluster-sg-microservices-container-grouping-757149350_sg-04fcb2519505c9a5b_id": "string",
                  "aws_security_group_tfer--eks-cluster-sg-microservices-grouping-cluster-588055163_sg-021d715d29fbcdb31_id": "string",
                  "aws_security_group_tfer--eks-microservices-container-grouping-allinone_sg-03ef90fe3d1eb39ec_id": "string",
                  "aws_security_group_tfer--eks-microservices-container-grouping-benchmark_sg-0190bcce7e72cc63c_id": "string",
                  "aws_security_group_tfer--eks-microservices-container-grouping-by-dependencies_sg-0b2e001bb2a91a8f5_id": "string",
                  "aws_security_group_tfer--eks-microservices-container-grouping-by-stack_sg-009155310a9c34015_id": "string",
                  "aws_security_group_tfer--eks-microservices-container-grouping-loadtest_sg-0ed0f3d98622ccd1e_id": "string",
                  "aws_security_group_tfer--eks-microservices-container-grouping-monitoring_sg-0d1322b8a0560a461_id": "string",
                  "aws_security_group_tfer--eks-remoteAccess-a6c302e7-c8f4-7eef-e040-d2d3200b1230_sg-00a2a4350c6ad4a16_id": "string",
                  "aws_security_group_tfer--launch-wizard-1_sg-05c8121b1f7a1fddb_id": "string",
                  "aws_security_group_tfer--launch-wizard-2_sg-03ecee22d4f4c264b_id": "string",
                  "aws_security_group_tfer--launch-wizard-3_sg-05d7edc277575a5ab_id": "string",
                  "aws_security_group_tfer--launch-wizard-4_sg-0ffcaa8431e6564c3_id": "string",
                  "aws_security_group_tfer--launch-wizard-5_sg-0b37bd6013d9e51e0_id": "string",
                  "aws_security_group_tfer--launch-wizard-6_sg-0ea6d76cd3731b645_id": "string",
                  "aws_security_group_tfer--provision-name-loadtest-seg_sg-05c41629ec6825b44_id": "string"
                }
              ]
            },
            "workspace": null
          },
          "sensitive_attributes": []
        }
      ]
    },
    {
      "mode": "managed",
      "type": "aws_eks_cluster",
      "name": "tfer--microservices-container-grouping",
      "provider": "provider[\"registry.terraform.io/hashicorp/aws\"]",
      "instances": [
        {
          "schema_version": 0,
          "attributes": {
            "arn": "arn:aws:eks:sa-east-1:380285632927:cluster/microservices-container-grouping",
            "certificate_authority": [
              {
                "data": "LS0tLS1CRUdJTiBDRVJUSUZJQ0FURS0tLS0tCk1JSUMvakNDQWVhZ0F3SUJBZ0lCQURBTkJna3Foa2lHOXcwQkFRc0ZBREFWTVJNd0VRWURWUVFERXdwcmRXSmwKY201bGRHVnpNQjRYRFRJek1URXhOekU0TURVME1Wb1hEVE16TVRFeE5ERTRNRFUwTVZvd0ZURVRNQkVHQTFVRQpBeE1LYTNWaVpYSnVaWFJsY3pDQ0FTSXdEUVlKS29aSWh2Y05BUUVCQlFBRGdnRVBBRENDQVFvQ2dnRUJBTDNoCk5nc3BtMkh0elhuYzlBYStXMU9wK3FLYllDaS9hYXcwRGhCWWpNWUdjb1ZUY0ZDdGNCMHVHOWUzYzJmU0E1OW0Kd1BIVWlibVB3SnNFUlcwSDFxcHNjelA0cHloVmJ0RFBYMUVqSE96d0ZHMlBzZUlWeld4VDJMM01vbHRRT0NaZwpOQVdqcGFOTmdSUG15bGc4bDhhK1VxSUVNRjRsK0Z1VHVidkhFTzRBYkhYRm5tb0pldzhmaGZPSjF3TjNsUmtQCmp3OVhhQ1J4MFNPVXdDUkJlUXdyRXhsM3N1YlI5NDdHelM4YlRxV3B3OEdPc2t2VThYVWI0QWVRN2Q4eWZZZ0kKVDVtNVBKUkxMYmJvazAzaU84MHFkUmhaSHBCUjRiNDVjZ1I1UnRBbVppRVpsZElzcEYwSElzZ3VuaUpaaVQ0cApBbHc2RzlKUW9pblQ4bG1BSVcwQ0F3RUFBYU5aTUZjd0RnWURWUjBQQVFIL0JBUURBZ0trTUE4R0ExVWRFd0VCCi93UUZNQU1CQWY4d0hRWURWUjBPQkJZRUZIYUlWanhMcG5wbGxwWHA0RlkyYmpvWXY2N1VNQlVHQTFVZEVRUU8KTUF5Q0NtdDFZbVZ5Ym1WMFpYTXdEUVlKS29aSWh2Y05BUUVMQlFBRGdnRUJBRXpsbzNwdmFqYlM1MG1oK2l0cQpOdmV3U1pjWmkvZXlnRjYzbVBReHhQMVNOalduREZuWXVnRUg5bHpOMk8rRThPS2NLUVYxZG1KcjBuSFJtRTY0CkFRVlNKWi9LRCtNZFhTWVVuVVU0UzBCS2lnOHV6SW9VMTd1a29NRDMvamx6elhFclJPTEFDYVZCb3BINWU3eEkKNXB0UU0xamE3T3FyTm9ZZDdOT1F2eS9XdlJTRHZ3UndNZHRDYWM4Y3JEcGozWTNrdndQdENiNktnN0tWNm03Swp4T1JpYXVLczVHM3k2c29EL2hHMk1TcHNqSmhxditTRTMyUFRreFV4YmtqSDBsR0lkNVE5RXpuSnQ0SStCR3JYCjlHc0RlTW9qRkVLRHFteDVVQTVFUG5teW5PVjVDQlVBNlBpNXMvc2w4a25Tc2w4S3pGR254aVo4WWdGNnpsZ0UKMGVvPQotLS0tLUVORCBDRVJUSUZJQ0FURS0tLS0tCg=="
              }
            ],
            "cluster_id": null,
            "created_at": "2023-11-17 18:00:58.063 +0000 UTC",
            "enabled_cluster_log_types": [],
            "encryption_config": [],
            "endpoint": "https://E8A58B61B384415A7DE1AA4618368D12.yl4.sa-east-1.eks.amazonaws.com",
            "id": "microservices-container-grouping",
            "identity": [
              {
                "oidc": [
                  {
                    "issuer": "https://oidc.eks.sa-east-1.amazonaws.com/id/E8A58B61B384415A7DE1AA4618368D12"
                  }
                ]
              }
            ],
            "kubernetes_network_config": [
              {
                "ip_family": "ipv4",
                "service_ipv4_cidr": "10.100.0.0/16",
                "service_ipv6_cidr": ""
              }
            ],
            "name": "microservices-container-grouping",
            "outpost_config": [],
            "platform_version": "eks.17",
            "role_arn": "arn:aws:iam::380285632927:role/prod-usp-icmc20220415185049499400000003",
            "status": "ACTIVE",
            "tags": {
              "User": "FernandoHenriqueBuzato",
              "experiment": "microservices-grouping"
            },
            "tags_all": {
              "User": "FernandoHenriqueBuzato",
              "experiment": "microservices-grouping"
            },
            "timeouts": null,
            "version": "1.23",
            "vpc_config": [
              {
                "cluster_security_group_id": "sg-0e551ab610e1aab45",
                "endpoint_private_access": false,
                "endpoint_public_access": true,
                "public_access_cidrs": [
                  "0.0.0.0/0"
                ],
                "security_group_ids": [
                  "sg-021d715d29fbcdb31"
                ],
                "subnet_ids": [
                  "subnet-0312ec158c3ce9da3",
                  "subnet-036215055911f9bd3",
                  "subnet-07c048f336b37d2ef"
                ],
                "vpc_id": "vpc-0f3fe466d0a9ccab0"
              }
            ]
          },
          "sensitive_attributes": [],
          "private": "eyJlMmJmYjczMC1lY2FhLTExZTYtOGY4OC0zNDM2M2JjN2M0YzAiOnsiY3JlYXRlIjoxODAwMDAwMDAwMDAwLCJkZWxldGUiOjkwMDAwMDAwMDAwMCwidXBkYXRlIjozNjAwMDAwMDAwMDAwfX0=",
          "dependencies": [
            "data.terraform_remote_state.sg"
          ]
        }
      ]
    },
    {
      "mode": "managed",
      "type": "aws_eks_node_group",
      "name": "tfer--all-in-one",
      "provider": "provider[\"registry.terraform.io/hashicorp/aws\"]",
      "instances": [
        {
          "schema_version": 0,
          "attributes": {
            "ami_type": "AL2_x86_64",
            "arn": "arn:aws:eks:sa-east-1:380285632927:nodegroup/microservices-container-grouping/all-in-one/d8c68584-944a-fcf4-d265-513e7479f9f6",
            "capacity_type": "ON_DEMAND",
            "cluster_name": "microservices-container-grouping",
            "disk_size": 50,
            "force_update_version": null,
            "id": "microservices-container-grouping:all-in-one",
            "instance_types": [
              "t3.xlarge"
            ],
            "labels": {
              "namespace": "all-in-one"
            },
            "launch_template": [],
            "node_group_name": "all-in-one",
            "node_group_name_prefix": "",
            "node_role_arn": "arn:aws:iam::380285632927:role/prod-usp-icmc20220415190108421000000009",
            "release_version": "1.23.17-20240110",
            "remote_access": [],
            "resources": [
              {
                "autoscaling_groups": [
                  {
                    "name": "eks-all-in-one-d8c68584-944a-fcf4-d265-513e7479f9f6"
                  }
                ],
                "remote_access_security_group_id": ""
              }
            ],
            "scaling_config": [
              {
                "desired_size": 2,
                "max_size": 2,
                "min_size": 2
              }
            ],
            "status": "ACTIVE",
            "subnet_ids": [
              "subnet-0312ec158c3ce9da3",
              "subnet-036215055911f9bd3",
              "subnet-07c048f336b37d2ef"
            ],
            "tags": {},
            "tags_all": {},
            "taint": [
              {
                "effect": "NO_SCHEDULE",
                "key": "namespace",
                "value": "all-in-one"
              }
            ],
            "timeouts": null,
            "update_config": [
              {
                "max_unavailable": 1,
                "max_unavailable_percentage": 0
              }
            ],
            "version": "1.23"
          },
          "sensitive_attributes": [],
          "private": "eyJlMmJmYjczMC1lY2FhLTExZTYtOGY4OC0zNDM2M2JjN2M0YzAiOnsiY3JlYXRlIjozNjAwMDAwMDAwMDAwLCJkZWxldGUiOjM2MDAwMDAwMDAwMDAsInVwZGF0ZSI6MzYwMDAwMDAwMDAwMH19",
          "dependencies": [
            "aws_eks_cluster.tfer--microservices-container-grouping",
            "data.terraform_remote_state.sg"
          ]
        }
      ]
    },
    {
      "mode": "managed",
      "type": "aws_eks_node_group",
      "name": "tfer--benchmark",
      "provider": "provider[\"registry.terraform.io/hashicorp/aws\"]",
      "instances": [
        {
          "schema_version": 0,
          "attributes": {
            "ami_type": "AL2_x86_64",
            "arn": "arn:aws:eks:sa-east-1:380285632927:nodegroup/microservices-container-grouping/benchmark/a8c684d3-39c7-7a63-fa6b-609099e15995",
            "capacity_type": "ON_DEMAND",
            "cluster_name": "microservices-container-grouping",
            "disk_size": 50,
            "force_update_version": null,
            "id": "microservices-container-grouping:benchmark",
            "instance_types": [
              "t3.xlarge"
            ],
            "labels": {
              "namespace": "benchmark"
            },
            "launch_template": [],
            "node_group_name": "benchmark",
            "node_group_name_prefix": "",
            "node_role_arn": "arn:aws:iam::380285632927:role/prod-usp-icmc20220415190108421000000009",
            "release_version": "1.23.17-20240110",
            "remote_access": [],
            "resources": [
              {
                "autoscaling_groups": [
                  {
                    "name": "eks-benchmark-a8c684d3-39c7-7a63-fa6b-609099e15995"
                  }
                ],
                "remote_access_security_group_id": ""
              }
            ],
            "scaling_config": [
              {
                "desired_size": 2,
                "max_size": 2,
                "min_size": 2
              }
            ],
            "status": "ACTIVE",
            "subnet_ids": [
              "subnet-0312ec158c3ce9da3",
              "subnet-036215055911f9bd3",
              "subnet-07c048f336b37d2ef"
            ],
            "tags": {},
            "tags_all": {},
            "taint": [
              {
                "effect": "NO_SCHEDULE",
                "key": "namespace",
                "value": "benchmark"
              }
            ],
            "timeouts": null,
            "update_config": [
              {
                "max_unavailable": 1,
                "max_unavailable_percentage": 0
              }
            ],
            "version": "1.23"
          },
          "sensitive_attributes": [],
          "private": "eyJlMmJmYjczMC1lY2FhLTExZTYtOGY4OC0zNDM2M2JjN2M0YzAiOnsiY3JlYXRlIjozNjAwMDAwMDAwMDAwLCJkZWxldGUiOjM2MDAwMDAwMDAwMDAsInVwZGF0ZSI6MzYwMDAwMDAwMDAwMH19",
          "dependencies": [
            "aws_eks_cluster.tfer--microservices-container-grouping",
            "data.terraform_remote_state.sg"
          ]
        }
      ]
    },
    {
      "mode": "managed",
      "type": "aws_eks_node_group",
      "name": "tfer--by-dependencies",
      "provider": "provider[\"registry.terraform.io/hashicorp/aws\"]",
      "instances": [
        {
          "schema_version": 0,
          "attributes": {
            "ami_type": "AL2_x86_64",
            "arn": "arn:aws:eks:sa-east-1:380285632927:nodegroup/microservices-container-grouping/by-dependencies/78c68584-8051-2e2b-5d8f-0bb9475d55fe",
            "capacity_type": "ON_DEMAND",
            "cluster_name": "microservices-container-grouping",
            "disk_size": 50,
            "force_update_version": null,
            "id": "microservices-container-grouping:by-dependencies",
            "instance_types": [
              "t3.xlarge"
            ],
            "labels": {
              "namespace": "by-dependencies"
            },
            "launch_template": [],
            "node_group_name": "by-dependencies",
            "node_group_name_prefix": "",
            "node_role_arn": "arn:aws:iam::380285632927:role/prod-usp-icmc20220415190108421000000009",
            "release_version": "1.23.17-20240110",
            "remote_access": [],
            "resources": [
              {
                "autoscaling_groups": [
                  {
                    "name": "eks-by-dependencies-78c68584-8051-2e2b-5d8f-0bb9475d55fe"
                  }
                ],
                "remote_access_security_group_id": ""
              }
            ],
            "scaling_config": [
              {
                "desired_size": 2,
                "max_size": 2,
                "min_size": 2
              }
            ],
            "status": "ACTIVE",
            "subnet_ids": [
              "subnet-0312ec158c3ce9da3",
              "subnet-036215055911f9bd3",
              "subnet-07c048f336b37d2ef"
            ],
            "tags": {},
            "tags_all": {},
            "taint": [
              {
                "effect": "NO_SCHEDULE",
                "key": "namespace",
                "value": "by-dependencies"
              }
            ],
            "timeouts": null,
            "update_config": [
              {
                "max_unavailable": 1,
                "max_unavailable_percentage": 0
              }
            ],
            "version": "1.23"
          },
          "sensitive_attributes": [],
          "private": "eyJlMmJmYjczMC1lY2FhLTExZTYtOGY4OC0zNDM2M2JjN2M0YzAiOnsiY3JlYXRlIjozNjAwMDAwMDAwMDAwLCJkZWxldGUiOjM2MDAwMDAwMDAwMDAsInVwZGF0ZSI6MzYwMDAwMDAwMDAwMH19",
          "dependencies": [
            "aws_eks_cluster.tfer--microservices-container-grouping",
            "data.terraform_remote_state.sg"
          ]
        }
      ]
    },
    {
      "mode": "managed",
      "type": "aws_eks_node_group",
      "name": "tfer--by-stack",
      "provider": "provider[\"registry.terraform.io/hashicorp/aws\"]",
      "instances": [
        {
          "schema_version": 0,
          "attributes": {
            "ami_type": "AL2_x86_64",
            "arn": "arn:aws:eks:sa-east-1:380285632927:nodegroup/microservices-container-grouping/by-stack/4cc68584-bbfb-759d-3ce7-de7e8ea37b80",
            "capacity_type": "ON_DEMAND",
            "cluster_name": "microservices-container-grouping",
            "disk_size": 50,
            "force_update_version": null,
            "id": "microservices-container-grouping:by-stack",
            "instance_types": [
              "t3.xlarge"
            ],
            "labels": {
              "namespace": "by-stack"
            },
            "launch_template": [],
            "node_group_name": "by-stack",
            "node_group_name_prefix": "",
            "node_role_arn": "arn:aws:iam::380285632927:role/prod-usp-icmc20220415190108421000000009",
            "release_version": "1.23.17-20240110",
            "remote_access": [],
            "resources": [
              {
                "autoscaling_groups": [
                  {
                    "name": "eks-by-stack-4cc68584-bbfb-759d-3ce7-de7e8ea37b80"
                  }
                ],
                "remote_access_security_group_id": ""
              }
            ],
            "scaling_config": [
              {
                "desired_size": 2,
                "max_size": 2,
                "min_size": 2
              }
            ],
            "status": "ACTIVE",
            "subnet_ids": [
              "subnet-0312ec158c3ce9da3",
              "subnet-036215055911f9bd3",
              "subnet-07c048f336b37d2ef"
            ],
            "tags": {},
            "tags_all": {},
            "taint": [
              {
                "effect": "NO_SCHEDULE",
                "key": "namespace",
                "value": "by-stack"
              }
            ],
            "timeouts": null,
            "update_config": [
              {
                "max_unavailable": 1,
                "max_unavailable_percentage": 0
              }
            ],
            "version": "1.23"
          },
          "sensitive_attributes": [],
          "private": "eyJlMmJmYjczMC1lY2FhLTExZTYtOGY4OC0zNDM2M2JjN2M0YzAiOnsiY3JlYXRlIjozNjAwMDAwMDAwMDAwLCJkZWxldGUiOjM2MDAwMDAwMDAwMDAsInVwZGF0ZSI6MzYwMDAwMDAwMDAwMH19",
          "dependencies": [
            "aws_eks_cluster.tfer--microservices-container-grouping",
            "data.terraform_remote_state.sg"
          ]
        }
      ]
    },
    {
      "mode": "managed",
      "type": "aws_eks_node_group",
      "name": "tfer--kubecost",
      "provider": "provider[\"registry.terraform.io/hashicorp/aws\"]",
      "instances": [
        {
          "schema_version": 0,
          "attributes": {
            "ami_type": "AL2_x86_64",
            "arn": "arn:aws:eks:sa-east-1:380285632927:nodegroup/microservices-container-grouping/kubecost/1ec5ef3c-28be-7e1b-5eaa-9d37efd2fdb5",
            "capacity_type": "ON_DEMAND",
            "cluster_name": "microservices-container-grouping",
            "disk_size": 20,
            "force_update_version": null,
            "id": "microservices-container-grouping:kubecost",
            "instance_types": [
              "t3.medium"
            ],
            "labels": {},
            "launch_template": [],
            "node_group_name": "kubecost",
            "node_group_name_prefix": "",
            "node_role_arn": "arn:aws:iam::380285632927:role/prod-usp-icmc20220415190108421000000009",
            "release_version": "1.23.17-20231116",
            "remote_access": [],
            "resources": [
              {
                "autoscaling_groups": [
                  {
                    "name": "eks-kubecost-1ec5ef3c-28be-7e1b-5eaa-9d37efd2fdb5"
                  }
                ],
                "remote_access_security_group_id": ""
              }
            ],
            "scaling_config": [
              {
                "desired_size": 1,
                "max_size": 1,
                "min_size": 1
              }
            ],
            "status": "ACTIVE",
            "subnet_ids": [
              "subnet-036215055911f9bd3"
            ],
            "tags": {},
            "tags_all": {},
            "taint": [],
            "timeouts": null,
            "update_config": [
              {
                "max_unavailable": 1,
                "max_unavailable_percentage": 0
              }
            ],
            "version": "1.23"
          },
          "sensitive_attributes": [],
          "private": "eyJlMmJmYjczMC1lY2FhLTExZTYtOGY4OC0zNDM2M2JjN2M0YzAiOnsiY3JlYXRlIjozNjAwMDAwMDAwMDAwLCJkZWxldGUiOjM2MDAwMDAwMDAwMDAsInVwZGF0ZSI6MzYwMDAwMDAwMDAwMH19",
          "dependencies": [
            "aws_eks_cluster.tfer--microservices-container-grouping",
            "data.terraform_remote_state.sg"
          ]
        }
      ]
    },
    {
      "mode": "managed",
      "type": "aws_eks_node_group",
      "name": "tfer--load-test",
      "provider": "provider[\"registry.terraform.io/hashicorp/aws\"]",
      "instances": [
        {
          "schema_version": 0,
          "attributes": {
            "ami_type": "AL2_x86_64",
            "arn": "arn:aws:eks:sa-east-1:380285632927:nodegroup/microservices-container-grouping/load-test/f2c5ef3c-28c0-2ca1-9fbc-759352e77c63",
            "capacity_type": "ON_DEMAND",
            "cluster_name": "microservices-container-grouping",
            "disk_size": 20,
            "force_update_version": null,
            "id": "microservices-container-grouping:load-test",
            "instance_types": [
              "c5.2xlarge"
            ],
            "labels": {
              "namespace": "load-test"
            },
            "launch_template": [],
            "node_group_name": "load-test",
            "node_group_name_prefix": "",
            "node_role_arn": "arn:aws:iam::380285632927:role/prod-usp-icmc20220415190108421000000009",
            "release_version": "1.23.17-20231116",
            "remote_access": [
              {
                "ec2_ssh_key": "MICROSERVICES-CONTAINER-GROUPING",
                "source_security_group_ids": [
                  "sg-021d715d29fbcdb31",
                  "sg-0ed0f3d98622ccd1e"
                ]
              }
            ],
            "resources": [
              {
                "autoscaling_groups": [
                  {
                    "name": "eks-load-test-f2c5ef3c-28c0-2ca1-9fbc-759352e77c63"
                  }
                ],
                "remote_access_security_group_id": "sg-0c5c8542e4a8802e1"
              }
            ],
            "scaling_config": [
              {
                "desired_size": 1,
                "max_size": 1,
                "min_size": 1
              }
            ],
            "status": "ACTIVE",
            "subnet_ids": [
              "subnet-0312ec158c3ce9da3",
              "subnet-036215055911f9bd3",
              "subnet-07c048f336b37d2ef"
            ],
            "tags": {},
            "tags_all": {},
            "taint": [
              {
                "effect": "NO_SCHEDULE",
                "key": "namespace",
                "value": "load-test"
              }
            ],
            "timeouts": null,
            "update_config": [
              {
                "max_unavailable": 1,
                "max_unavailable_percentage": 0
              }
            ],
            "version": "1.23"
          },
          "sensitive_attributes": [],
          "private": "eyJlMmJmYjczMC1lY2FhLTExZTYtOGY4OC0zNDM2M2JjN2M0YzAiOnsiY3JlYXRlIjozNjAwMDAwMDAwMDAwLCJkZWxldGUiOjM2MDAwMDAwMDAwMDAsInVwZGF0ZSI6MzYwMDAwMDAwMDAwMH19",
          "dependencies": [
            "aws_eks_cluster.tfer--microservices-container-grouping",
            "data.terraform_remote_state.sg"
          ]
        }
      ]
    },
    {
      "mode": "managed",
      "type": "aws_eks_node_group",
      "name": "tfer--monitoring",
      "provider": "provider[\"registry.terraform.io/hashicorp/aws\"]",
      "instances": [
        {
          "schema_version": 0,
          "attributes": {
            "ami_type": "AL2_x86_64",
            "arn": "arn:aws:eks:sa-east-1:380285632927:nodegroup/microservices-container-grouping/monitoring/88c5ef3c-28cf-856d-5957-6de3de27961c",
            "capacity_type": "ON_DEMAND",
            "cluster_name": "microservices-container-grouping",
            "disk_size": 20,
            "force_update_version": null,
            "id": "microservices-container-grouping:monitoring",
            "instance_types": [
              "t3.medium"
            ],
            "labels": {
              "namespace": "monitoring"
            },
            "launch_template": [],
            "node_group_name": "monitoring",
            "node_group_name_prefix": "",
            "node_role_arn": "arn:aws:iam::380285632927:role/prod-usp-icmc20220415190108421000000009",
            "release_version": "1.23.17-20231116",
            "remote_access": [],
            "resources": [
              {
                "autoscaling_groups": [
                  {
                    "name": "eks-monitoring-88c5ef3c-28cf-856d-5957-6de3de27961c"
                  }
                ],
                "remote_access_security_group_id": ""
              }
            ],
            "scaling_config": [
              {
                "desired_size": 1,
                "max_size": 1,
                "min_size": 1
              }
            ],
            "status": "ACTIVE",
            "subnet_ids": [
              "subnet-036215055911f9bd3"
            ],
            "tags": {},
            "tags_all": {},
            "taint": [
              {
                "effect": "NO_SCHEDULE",
                "key": "namespace",
                "value": "monitoring"
              }
            ],
            "timeouts": null,
            "update_config": [
              {
                "max_unavailable": 1,
                "max_unavailable_percentage": 0
              }
            ],
            "version": "1.23"
          },
          "sensitive_attributes": [],
          "private": "eyJlMmJmYjczMC1lY2FhLTExZTYtOGY4OC0zNDM2M2JjN2M0YzAiOnsiY3JlYXRlIjozNjAwMDAwMDAwMDAwLCJkZWxldGUiOjM2MDAwMDAwMDAwMDAsInVwZGF0ZSI6MzYwMDAwMDAwMDAwMH19",
          "dependencies": [
            "aws_eks_cluster.tfer--microservices-container-grouping",
            "data.terraform_remote_state.sg"
          ]
        }
      ]
    }
  ],
  "check_results": null
}
