{
  "version": 4,
  "terraform_version": "1.3.7",
  "serial": 1,
  "lineage": "ce7cfcae-5773-49ff-a43e-98137429c542",
  "outputs": {
    "aws_eks_cluster_tfer--microservices-container-grouping_id": {
      "value": "microservices-container-grouping",
      "type": "string"
    },
    "aws_eks_node_group_tfer--all-in-one_id": {
      "value": "microservices-container-grouping:all-in-one",
      "type": "string"
    },
    "aws_eks_node_group_tfer--benchmark_id": {
      "value": "microservices-container-grouping:benchmark",
      "type": "string"
    },
    "aws_eks_node_group_tfer--by-dependencies_id": {
      "value": "microservices-container-grouping:by-dependencies",
      "type": "string"
    },
    "aws_eks_node_group_tfer--by-stack_id": {
      "value": "microservices-container-grouping:by-stack",
      "type": "string"
    },
    "aws_eks_node_group_tfer--kubecost_id": {
      "value": "microservices-container-grouping:kubecost",
      "type": "string"
    },
    "aws_eks_node_group_tfer--load-test_id": {
      "value": "microservices-container-grouping:load-test",
      "type": "string"
    },
    "aws_eks_node_group_tfer--monitoring_id": {
      "value": "microservices-container-grouping:monitoring",
      "type": "string"
    }
  },
  "resources": [
    {
      "mode": "managed",
      "type": "aws_eks_cluster",
      "name": "tfer--microservices-container-grouping",
      "provider": "provider[\"registry.terraform.io/-/aws\"]",
      "instances": [
        {
          "schema_version": 0,
          "attributes_flat": {
            "arn": "arn:aws:eks:sa-east-1:380285632927:cluster/microservices-container-grouping",
            "certificate_authority.#": "1",
            "certificate_authority.0.data": "LS0tLS1CRUdJTiBDRVJUSUZJQ0FURS0tLS0tCk1JSUM1ekNDQWMrZ0F3SUJBZ0lCQURBTkJna3Foa2lHOXcwQkFRc0ZBREFWTVJNd0VRWURWUVFERXdwcmRXSmwKY201bGRHVnpNQjRYRFRJek1ERXpNVEF6TURreU1Wb1hEVE16TURFeU9EQXpNRGt5TVZvd0ZURVRNQkVHQTFVRQpBeE1LYTNWaVpYSnVaWFJsY3pDQ0FTSXdEUVlKS29aSWh2Y05BUUVCQlFBRGdnRVBBRENDQVFvQ2dnRUJBTm9WClJrdVNCNmFEclBhREJEWWcrYmdiaEo3dlN5UDNrUzlvd1JpOVFodWllc1R0UzhlRnlzZjVYblpuRFVrcDlHZjQKaENMYjZqZmFuWUNVWmFBelJ0TGYzU0ozU0xud3NKNjFNSThBRlBiK0RJY1ZFRDNYZUlQSFpZejVRVmxkME1FaAptM3A5eFdMQzA1eEU4VlozYnpLcGlzVXVucUxxSTBYMnZLK3d0Q1BzQUJCYm81TUQycG9DcHB2dFhIYU5sN2g3Ck15bzV6M04rdDNSSVFHUnFFb1BLMlM2SlNSOUU2VVNRcUFyL0NuNFlzdVNpL2ZvdnRKZHZMU1hIM014V0pySEQKSDdhS1NIU3pkb3J4VU9yYm91NWx2MkJRcDJ0QUVVVGE0QWhsa0FBWWlnUklHTkRSN0craEROeGRwNVc4VXFKYgozdWFWK2lETUg4L2NDVXlHQ0xNQ0F3RUFBYU5DTUVBd0RnWURWUjBQQVFIL0JBUURBZ0trTUE4R0ExVWRFd0VCCi93UUZNQU1CQWY4d0hRWURWUjBPQkJZRUZCTWlpTklTWnovVjZLcVpSSnNsYThCSkVJenFNQTBHQ1NxR1NJYjMKRFFFQkN3VUFBNElCQVFEVGd4S1NrWlg1dEJVQ1g5T0RNN29RMGx4Zmdic0pBZkVxd2wxZllHRCtKSE1jZGYrWApGa0tsTG1iRjJ6akJnbzMvaFF3N1cxdld3N0h3c1lDUGxqbXFlZzlsQUhGRTkyM1EzMWRqMGdmVGp6Y0k0TGFlClJnQmd3TlBmaWhoY0lJMWhnazduVk5VN2JxdWFZZnRxN1BUVVZVVXlKTGY0dHVXQU8yRnVaQTZmRlFSdFVYWGcKOVhmekxYZ2tkeXZMWG15b1FUT3h0SmUzSFhmN2x5ZnF2RkI1TlZQeTRvUlN3a2ZPdTMxL2xNSHRTNmRnYXpIZQpIUGVYV2hnSW5abE5LNitWSlRSdFRtS0l4TmZScEhHbXlkeng5ZGdmbXJuaW8zdGFEdGJjTHo1T1drVjFxZmJOCkxJTzVaaTgwNklUNGpaRGVVZlhrTTFONU13cXpQbS9iN045dwotLS0tLUVORCBDRVJUSUZJQ0FURS0tLS0tCg==",
            "created_at": "2023-01-31 03:03:42.882 +0000 UTC",
            "enabled_cluster_log_types.#": "3",
            "enabled_cluster_log_types.0": "api",
            "enabled_cluster_log_types.1": "audit",
            "enabled_cluster_log_types.2": "controllerManager",
            "encryption_config.#": "0",
            "endpoint": "https://569D5F0B0DADE2BDA3DB23E338F63F23.yl4.sa-east-1.eks.amazonaws.com",
            "id": "microservices-container-grouping",
            "identity.#": "1",
            "identity.0.oidc.#": "1",
            "identity.0.oidc.0.issuer": "https://oidc.eks.sa-east-1.amazonaws.com/id/569D5F0B0DADE2BDA3DB23E338F63F23",
            "kubernetes_network_config.#": "1",
            "kubernetes_network_config.0.ip_family": "ipv4",
            "kubernetes_network_config.0.service_ipv4_cidr": "10.100.0.0/16",
            "kubernetes_network_config.0.service_ipv6_cidr": "",
            "name": "microservices-container-grouping",
            "outpost_config.#": "0",
            "platform_version": "eks.15",
            "role_arn": "arn:aws:iam::380285632927:role/prod-usp-icmc20220415185049499400000003",
            "status": "ACTIVE",
            "tags.%": "0",
            "tags_all.%": "0",
            "version": "1.21",
            "vpc_config.#": "1",
            "vpc_config.0.cluster_security_group_id": "sg-04fcb2519505c9a5b",
            "vpc_config.0.endpoint_private_access": "false",
            "vpc_config.0.endpoint_public_access": "true",
            "vpc_config.0.public_access_cidrs.#": "1",
            "vpc_config.0.public_access_cidrs.0": "0.0.0.0/0",
            "vpc_config.0.security_group_ids.#": "1",
            "vpc_config.0.security_group_ids.0": "sg-021d715d29fbcdb31",
            "vpc_config.0.subnet_ids.#": "3",
            "vpc_config.0.subnet_ids.0": "subnet-0312ec158c3ce9da3",
            "vpc_config.0.subnet_ids.1": "subnet-036215055911f9bd3",
            "vpc_config.0.subnet_ids.2": "subnet-07c048f336b37d2ef",
            "vpc_config.0.vpc_id": "vpc-0f3fe466d0a9ccab0"
          },
          "sensitive_attributes": []
        }
      ]
    },
    {
      "mode": "managed",
      "type": "aws_eks_node_group",
      "name": "tfer--all-in-one",
      "provider": "provider[\"registry.terraform.io/-/aws\"]",
      "instances": [
        {
          "schema_version": 0,
          "attributes_flat": {
            "ami_type": "AL2_x86_64",
            "arn": "arn:aws:eks:sa-east-1:380285632927:nodegroup/microservices-container-grouping/all-in-one/5ec302e7-c89b-4d13-6898-cc83b093fe81",
            "capacity_type": "ON_DEMAND",
            "cluster_name": "microservices-container-grouping",
            "disk_size": "50",
            "id": "microservices-container-grouping:all-in-one",
            "instance_types.#": "1",
            "instance_types.0": "t3.xlarge",
            "labels.%": "1",
            "labels.namespace": "all-in-one",
            "launch_template.#": "0",
            "node_group_name": "all-in-one",
            "node_group_name_prefix": "",
            "node_role_arn": "arn:aws:iam::380285632927:role/prod-usp-icmc20220415190108421000000009",
            "release_version": "1.21.14-20230105",
            "remote_access.#": "0",
            "resources.#": "1",
            "resources.0.autoscaling_groups.#": "1",
            "resources.0.autoscaling_groups.0.name": "eks-all-in-one-5ec302e7-c89b-4d13-6898-cc83b093fe81",
            "resources.0.remote_access_security_group_id": "",
            "scaling_config.#": "1",
            "scaling_config.0.desired_size": "1",
            "scaling_config.0.max_size": "1",
            "scaling_config.0.min_size": "1",
            "status": "ACTIVE",
            "subnet_ids.#": "3",
            "subnet_ids.0": "subnet-0312ec158c3ce9da3",
            "subnet_ids.1": "subnet-036215055911f9bd3",
            "subnet_ids.2": "subnet-07c048f336b37d2ef",
            "tags.%": "0",
            "tags_all.%": "0",
            "taint.#": "1",
            "taint.0.effect": "NO_SCHEDULE",
            "taint.0.key": "namespace",
            "taint.0.value": "all-in-one",
            "update_config.#": "1",
            "update_config.0.max_unavailable": "1",
            "update_config.0.max_unavailable_percentage": "0",
            "version": "1.21"
          },
          "sensitive_attributes": []
        }
      ]
    },
    {
      "mode": "managed",
      "type": "aws_eks_node_group",
      "name": "tfer--benchmark",
      "provider": "provider[\"registry.terraform.io/-/aws\"]",
      "instances": [
        {
          "schema_version": 0,
          "attributes_flat": {
            "ami_type": "AL2_x86_64",
            "arn": "arn:aws:eks:sa-east-1:380285632927:nodegroup/microservices-container-grouping/benchmark/2ac302e7-c8a2-479b-1ec2-de81d717c0fb",
            "capacity_type": "ON_DEMAND",
            "cluster_name": "microservices-container-grouping",
            "disk_size": "50",
            "id": "microservices-container-grouping:benchmark",
            "instance_types.#": "1",
            "instance_types.0": "t3.xlarge",
            "labels.%": "1",
            "labels.namespace": "benchmark",
            "launch_template.#": "0",
            "node_group_name": "benchmark",
            "node_group_name_prefix": "",
            "node_role_arn": "arn:aws:iam::380285632927:role/prod-usp-icmc20220415190108421000000009",
            "release_version": "1.21.14-20230105",
            "remote_access.#": "0",
            "resources.#": "1",
            "resources.0.autoscaling_groups.#": "1",
            "resources.0.autoscaling_groups.0.name": "eks-benchmark-2ac302e7-c8a2-479b-1ec2-de81d717c0fb",
            "resources.0.remote_access_security_group_id": "",
            "scaling_config.#": "1",
            "scaling_config.0.desired_size": "1",
            "scaling_config.0.max_size": "1",
            "scaling_config.0.min_size": "1",
            "status": "ACTIVE",
            "subnet_ids.#": "3",
            "subnet_ids.0": "subnet-0312ec158c3ce9da3",
            "subnet_ids.1": "subnet-036215055911f9bd3",
            "subnet_ids.2": "subnet-07c048f336b37d2ef",
            "tags.%": "0",
            "tags_all.%": "0",
            "taint.#": "1",
            "taint.0.effect": "NO_SCHEDULE",
            "taint.0.key": "namespace",
            "taint.0.value": "benchmark",
            "update_config.#": "1",
            "update_config.0.max_unavailable": "1",
            "update_config.0.max_unavailable_percentage": "0",
            "version": "1.21"
          },
          "sensitive_attributes": []
        }
      ]
    },
    {
      "mode": "managed",
      "type": "aws_eks_node_group",
      "name": "tfer--by-dependencies",
      "provider": "provider[\"registry.terraform.io/-/aws\"]",
      "instances": [
        {
          "schema_version": 0,
          "attributes_flat": {
            "ami_type": "AL2_x86_64",
            "arn": "arn:aws:eks:sa-east-1:380285632927:nodegroup/microservices-container-grouping/by-dependencies/e8c302e7-c898-ae4e-1a42-763519b106e1",
            "capacity_type": "ON_DEMAND",
            "cluster_name": "microservices-container-grouping",
            "disk_size": "50",
            "id": "microservices-container-grouping:by-dependencies",
            "instance_types.#": "1",
            "instance_types.0": "t3.xlarge",
            "labels.%": "1",
            "labels.namespace": "by-dependencies",
            "launch_template.#": "0",
            "node_group_name": "by-dependencies",
            "node_group_name_prefix": "",
            "node_role_arn": "arn:aws:iam::380285632927:role/prod-usp-icmc20220415190108421000000009",
            "release_version": "1.21.14-20230105",
            "remote_access.#": "0",
            "resources.#": "1",
            "resources.0.autoscaling_groups.#": "1",
            "resources.0.autoscaling_groups.0.name": "eks-by-dependencies-e8c302e7-c898-ae4e-1a42-763519b106e1",
            "resources.0.remote_access_security_group_id": "",
            "scaling_config.#": "1",
            "scaling_config.0.desired_size": "1",
            "scaling_config.0.max_size": "1",
            "scaling_config.0.min_size": "1",
            "status": "ACTIVE",
            "subnet_ids.#": "3",
            "subnet_ids.0": "subnet-0312ec158c3ce9da3",
            "subnet_ids.1": "subnet-036215055911f9bd3",
            "subnet_ids.2": "subnet-07c048f336b37d2ef",
            "tags.%": "0",
            "tags_all.%": "0",
            "taint.#": "1",
            "taint.0.effect": "NO_SCHEDULE",
            "taint.0.key": "namespace",
            "taint.0.value": "by-dependencies",
            "update_config.#": "1",
            "update_config.0.max_unavailable": "1",
            "update_config.0.max_unavailable_percentage": "0",
            "version": "1.21"
          },
          "sensitive_attributes": []
        }
      ]
    },
    {
      "mode": "managed",
      "type": "aws_eks_node_group",
      "name": "tfer--by-stack",
      "provider": "provider[\"registry.terraform.io/-/aws\"]",
      "instances": [
        {
          "schema_version": 0,
          "attributes_flat": {
            "ami_type": "AL2_x86_64",
            "arn": "arn:aws:eks:sa-east-1:380285632927:nodegroup/microservices-container-grouping/by-stack/1cc302e7-c89f-e7e7-8a27-e3f2e5219419",
            "capacity_type": "ON_DEMAND",
            "cluster_name": "microservices-container-grouping",
            "disk_size": "50",
            "id": "microservices-container-grouping:by-stack",
            "instance_types.#": "1",
            "instance_types.0": "t3.xlarge",
            "labels.%": "1",
            "labels.namespace": "by-stack",
            "launch_template.#": "0",
            "node_group_name": "by-stack",
            "node_group_name_prefix": "",
            "node_role_arn": "arn:aws:iam::380285632927:role/prod-usp-icmc20220415190108421000000009",
            "release_version": "1.21.14-20230105",
            "remote_access.#": "0",
            "resources.#": "1",
            "resources.0.autoscaling_groups.#": "1",
            "resources.0.autoscaling_groups.0.name": "eks-by-stack-1cc302e7-c89f-e7e7-8a27-e3f2e5219419",
            "resources.0.remote_access_security_group_id": "",
            "scaling_config.#": "1",
            "scaling_config.0.desired_size": "1",
            "scaling_config.0.max_size": "1",
            "scaling_config.0.min_size": "1",
            "status": "ACTIVE",
            "subnet_ids.#": "3",
            "subnet_ids.0": "subnet-0312ec158c3ce9da3",
            "subnet_ids.1": "subnet-036215055911f9bd3",
            "subnet_ids.2": "subnet-07c048f336b37d2ef",
            "tags.%": "0",
            "tags_all.%": "0",
            "taint.#": "1",
            "taint.0.effect": "NO_SCHEDULE",
            "taint.0.key": "namespace",
            "taint.0.value": "by-stack",
            "update_config.#": "1",
            "update_config.0.max_unavailable": "1",
            "update_config.0.max_unavailable_percentage": "0",
            "version": "1.21"
          },
          "sensitive_attributes": []
        }
      ]
    },
    {
      "mode": "managed",
      "type": "aws_eks_node_group",
      "name": "tfer--kubecost",
      "provider": "provider[\"registry.terraform.io/-/aws\"]",
      "instances": [
        {
          "schema_version": 0,
          "attributes_flat": {
            "ami_type": "AL2_x86_64",
            "arn": "arn:aws:eks:sa-east-1:380285632927:nodegroup/microservices-container-grouping/kubecost/42c302e7-c88c-fd74-5588-88cc58f719bb",
            "capacity_type": "ON_DEMAND",
            "cluster_name": "microservices-container-grouping",
            "disk_size": "20",
            "id": "microservices-container-grouping:kubecost",
            "instance_types.#": "1",
            "instance_types.0": "t3.medium",
            "labels.%": "0",
            "launch_template.#": "0",
            "node_group_name": "kubecost",
            "node_group_name_prefix": "",
            "node_role_arn": "arn:aws:iam::380285632927:role/prod-usp-icmc20220415190108421000000009",
            "release_version": "1.21.14-20230105",
            "remote_access.#": "0",
            "resources.#": "1",
            "resources.0.autoscaling_groups.#": "1",
            "resources.0.autoscaling_groups.0.name": "eks-kubecost-42c302e7-c88c-fd74-5588-88cc58f719bb",
            "resources.0.remote_access_security_group_id": "",
            "scaling_config.#": "1",
            "scaling_config.0.desired_size": "1",
            "scaling_config.0.max_size": "1",
            "scaling_config.0.min_size": "1",
            "status": "ACTIVE",
            "subnet_ids.#": "3",
            "subnet_ids.0": "subnet-0312ec158c3ce9da3",
            "subnet_ids.1": "subnet-036215055911f9bd3",
            "subnet_ids.2": "subnet-07c048f336b37d2ef",
            "tags.%": "0",
            "tags_all.%": "0",
            "taint.#": "0",
            "update_config.#": "1",
            "update_config.0.max_unavailable": "1",
            "update_config.0.max_unavailable_percentage": "0",
            "version": "1.21"
          },
          "sensitive_attributes": []
        }
      ]
    },
    {
      "mode": "managed",
      "type": "aws_eks_node_group",
      "name": "tfer--load-test",
      "provider": "provider[\"registry.terraform.io/-/aws\"]",
      "instances": [
        {
          "schema_version": 0,
          "attributes_flat": {
            "ami_type": "AL2_x86_64",
            "arn": "arn:aws:eks:sa-east-1:380285632927:nodegroup/microservices-container-grouping/load-test/a6c302e7-c8f4-7eef-e040-d2d3200b1230",
            "capacity_type": "ON_DEMAND",
            "cluster_name": "microservices-container-grouping",
            "disk_size": "20",
            "id": "microservices-container-grouping:load-test",
            "instance_types.#": "1",
            "instance_types.0": "c5.2xlarge",
            "labels.%": "1",
            "labels.namespace": "load-test",
            "launch_template.#": "0",
            "node_group_name": "load-test",
            "node_group_name_prefix": "",
            "node_role_arn": "arn:aws:iam::380285632927:role/prod-usp-icmc20220415190108421000000009",
            "release_version": "1.21.14-20230105",
            "remote_access.#": "1",
            "remote_access.0.ec2_ssh_key": "deploy-docs-k8s",
            "remote_access.0.source_security_group_ids.#": "1",
            "remote_access.0.source_security_group_ids.0": "sg-021d715d29fbcdb31",
            "resources.#": "1",
            "resources.0.autoscaling_groups.#": "1",
            "resources.0.autoscaling_groups.0.name": "eks-load-test-a6c302e7-c8f4-7eef-e040-d2d3200b1230",
            "resources.0.remote_access_security_group_id": "sg-00a2a4350c6ad4a16",
            "scaling_config.#": "1",
            "scaling_config.0.desired_size": "1",
            "scaling_config.0.max_size": "1",
            "scaling_config.0.min_size": "1",
            "status": "ACTIVE",
            "subnet_ids.#": "3",
            "subnet_ids.0": "subnet-0312ec158c3ce9da3",
            "subnet_ids.1": "subnet-036215055911f9bd3",
            "subnet_ids.2": "subnet-07c048f336b37d2ef",
            "tags.%": "0",
            "tags_all.%": "0",
            "taint.#": "1",
            "taint.0.effect": "NO_SCHEDULE",
            "taint.0.key": "namespace",
            "taint.0.value": "load-test",
            "update_config.#": "1",
            "update_config.0.max_unavailable": "1",
            "update_config.0.max_unavailable_percentage": "0",
            "version": "1.21"
          },
          "sensitive_attributes": []
        }
      ]
    },
    {
      "mode": "managed",
      "type": "aws_eks_node_group",
      "name": "tfer--monitoring",
      "provider": "provider[\"registry.terraform.io/-/aws\"]",
      "instances": [
        {
          "schema_version": 0,
          "attributes_flat": {
            "ami_type": "AL2_x86_64",
            "arn": "arn:aws:eks:sa-east-1:380285632927:nodegroup/microservices-container-grouping/monitoring/26c302e7-c8a0-b121-2378-e8cd41ea88bd",
            "capacity_type": "ON_DEMAND",
            "cluster_name": "microservices-container-grouping",
            "disk_size": "20",
            "id": "microservices-container-grouping:monitoring",
            "instance_types.#": "1",
            "instance_types.0": "t3.medium",
            "labels.%": "1",
            "labels.namespace": "monitoring",
            "launch_template.#": "0",
            "node_group_name": "monitoring",
            "node_group_name_prefix": "",
            "node_role_arn": "arn:aws:iam::380285632927:role/prod-usp-icmc20220415190108421000000009",
            "release_version": "1.21.14-20230105",
            "remote_access.#": "0",
            "resources.#": "1",
            "resources.0.autoscaling_groups.#": "1",
            "resources.0.autoscaling_groups.0.name": "eks-monitoring-26c302e7-c8a0-b121-2378-e8cd41ea88bd",
            "resources.0.remote_access_security_group_id": "",
            "scaling_config.#": "1",
            "scaling_config.0.desired_size": "1",
            "scaling_config.0.max_size": "1",
            "scaling_config.0.min_size": "1",
            "status": "ACTIVE",
            "subnet_ids.#": "3",
            "subnet_ids.0": "subnet-0312ec158c3ce9da3",
            "subnet_ids.1": "subnet-036215055911f9bd3",
            "subnet_ids.2": "subnet-07c048f336b37d2ef",
            "tags.%": "0",
            "tags_all.%": "0",
            "taint.#": "1",
            "taint.0.effect": "NO_SCHEDULE",
            "taint.0.key": "namespace",
            "taint.0.value": "monitoring",
            "update_config.#": "1",
            "update_config.0.max_unavailable": "1",
            "update_config.0.max_unavailable_percentage": "0",
            "version": "1.21"
          },
          "sensitive_attributes": []
        }
      ]
    }
  ],
  "check_results": null
}
