{
  "version": 4,
  "terraform_version": "1.9.4",
  "serial": 218,
  "lineage": "ce7cfcae-5773-49ff-a43e-98137429c542",
  "outputs": {
    "aws_eks_cluster_tfer--microservices-container-grouping_id": {
      "value": "microservices-container-grouping",
      "type": "string"
    },
    "aws_eks_node_group_tfer--all-in-one_id": {
      "value": "microservices-container-grouping:all-in-one",
      "type": "string"
    },
    "aws_eks_node_group_tfer--kubecost_id": {
      "value": "microservices-container-grouping:kubecost",
      "type": "string"
    }
  },
  "resources": [
    {
      "mode": "data",
      "type": "terraform_remote_state",
      "name": "sg",
      "provider": "provider[\"terraform.io/builtin/terraform\"]",
      "instances": [
        {
          "schema_version": 0,
          "attributes": {
            "backend": "local",
            "config": {
              "value": {
                "path": "../../../generated/aws/sg/terraform.tfstate"
              },
              "type": [
                "object",
                {
                  "path": "string"
                }
              ]
            },
            "defaults": null,
            "outputs": {
              "value": {
                "aws_security_group_tfer--default_sg-038f3d4e42f32b15b_id": "sg-038f3d4e42f32b15b",
                "aws_security_group_tfer--eks-cluster-sg-microservices-container-grouping-757149350_sg-04fcb2519505c9a5b_id": "sg-04fcb2519505c9a5b",
                "aws_security_group_tfer--eks-cluster-sg-microservices-grouping-cluster-588055163_sg-021d715d29fbcdb31_id": "sg-021d715d29fbcdb31",
                "aws_security_group_tfer--eks-microservices-container-grouping-allinone_sg-03ef90fe3d1eb39ec_id": "sg-03ef90fe3d1eb39ec",
                "aws_security_group_tfer--eks-microservices-container-grouping-benchmark_sg-0190bcce7e72cc63c_id": "sg-0190bcce7e72cc63c",
                "aws_security_group_tfer--eks-microservices-container-grouping-by-dependencies_sg-0b2e001bb2a91a8f5_id": "sg-0b2e001bb2a91a8f5",
                "aws_security_group_tfer--eks-microservices-container-grouping-by-stack_sg-009155310a9c34015_id": "sg-009155310a9c34015",
                "aws_security_group_tfer--eks-microservices-container-grouping-loadtest_sg-0ed0f3d98622ccd1e_id": "sg-0ed0f3d98622ccd1e",
                "aws_security_group_tfer--eks-microservices-container-grouping-monitoring_sg-0d1322b8a0560a461_id": "sg-0d1322b8a0560a461",
                "aws_security_group_tfer--eks-remoteAccess-a6c302e7-c8f4-7eef-e040-d2d3200b1230_sg-00a2a4350c6ad4a16_id": "sg-00a2a4350c6ad4a16",
                "aws_security_group_tfer--launch-wizard-1_sg-05c8121b1f7a1fddb_id": "sg-05c8121b1f7a1fddb",
                "aws_security_group_tfer--launch-wizard-2_sg-03ecee22d4f4c264b_id": "sg-03ecee22d4f4c264b",
                "aws_security_group_tfer--launch-wizard-3_sg-05d7edc277575a5ab_id": "sg-05d7edc277575a5ab",
                "aws_security_group_tfer--launch-wizard-4_sg-0ffcaa8431e6564c3_id": "sg-0ffcaa8431e6564c3",
                "aws_security_group_tfer--launch-wizard-5_sg-0b37bd6013d9e51e0_id": "sg-0b37bd6013d9e51e0",
                "aws_security_group_tfer--launch-wizard-6_sg-0ea6d76cd3731b645_id": "sg-0ea6d76cd3731b645",
                "aws_security_group_tfer--provision-name-loadtest-seg_sg-05c41629ec6825b44_id": "sg-05c41629ec6825b44"
              },
              "type": [
                "object",
                {
                  "aws_security_group_tfer--default_sg-038f3d4e42f32b15b_id": "string",
                  "aws_security_group_tfer--eks-cluster-sg-microservices-container-grouping-757149350_sg-04fcb2519505c9a5b_id": "string",
                  "aws_security_group_tfer--eks-cluster-sg-microservices-grouping-cluster-588055163_sg-021d715d29fbcdb31_id": "string",
                  "aws_security_group_tfer--eks-microservices-container-grouping-allinone_sg-03ef90fe3d1eb39ec_id": "string",
                  "aws_security_group_tfer--eks-microservices-container-grouping-benchmark_sg-0190bcce7e72cc63c_id": "string",
                  "aws_security_group_tfer--eks-microservices-container-grouping-by-dependencies_sg-0b2e001bb2a91a8f5_id": "string",
                  "aws_security_group_tfer--eks-microservices-container-grouping-by-stack_sg-009155310a9c34015_id": "string",
                  "aws_security_group_tfer--eks-microservices-container-grouping-loadtest_sg-0ed0f3d98622ccd1e_id": "string",
                  "aws_security_group_tfer--eks-microservices-container-grouping-monitoring_sg-0d1322b8a0560a461_id": "string",
                  "aws_security_group_tfer--eks-remoteAccess-a6c302e7-c8f4-7eef-e040-d2d3200b1230_sg-00a2a4350c6ad4a16_id": "string",
                  "aws_security_group_tfer--launch-wizard-1_sg-05c8121b1f7a1fddb_id": "string",
                  "aws_security_group_tfer--launch-wizard-2_sg-03ecee22d4f4c264b_id": "string",
                  "aws_security_group_tfer--launch-wizard-3_sg-05d7edc277575a5ab_id": "string",
                  "aws_security_group_tfer--launch-wizard-4_sg-0ffcaa8431e6564c3_id": "string",
                  "aws_security_group_tfer--launch-wizard-5_sg-0b37bd6013d9e51e0_id": "string",
                  "aws_security_group_tfer--launch-wizard-6_sg-0ea6d76cd3731b645_id": "string",
                  "aws_security_group_tfer--provision-name-loadtest-seg_sg-05c41629ec6825b44_id": "string"
                }
              ]
            },
            "workspace": null
          },
          "sensitive_attributes": []
        }
      ]
    },
    {
      "mode": "managed",
      "type": "aws_eks_cluster",
      "name": "tfer--microservices-container-grouping",
      "provider": "provider[\"registry.terraform.io/hashicorp/aws\"]",
      "instances": [
        {
          "schema_version": 0,
          "attributes": {
            "arn": "arn:aws:eks:sa-east-1:380285632927:cluster/microservices-container-grouping",
            "certificate_authority": [
              {
                "data": "LS0tLS1CRUdJTiBDRVJUSUZJQ0FURS0tLS0tCk1JSUMvakNDQWVhZ0F3SUJBZ0lCQURBTkJna3Foa2lHOXcwQkFRc0ZBREFWTVJNd0VRWURWUVFERXdwcmRXSmwKY201bGRHVnpNQjRYRFRJME1EZ3dOekV5TURVd05sb1hEVE0wTURnd05URXlNRFV3Tmxvd0ZURVRNQkVHQTFVRQpBeE1LYTNWaVpYSnVaWFJsY3pDQ0FTSXdEUVlKS29aSWh2Y05BUUVCQlFBRGdnRVBBRENDQVFvQ2dnRUJBTnZQCjliOEw5MWxDT2RmN25QSHBuaVRSUVc0RkQ2YUZQL1IwVE8zWHQ3eXFvSzVQbjQwTnpxb29RUW9oM01xcnA5S3gKajhQeDZ2Y2FFODJXL1E2REJFTTJ0R2VVaUs4c1JhTkZoemRaOTBRT1JMdVd1VzV0c3lpd1lRUURJdGZjMTlGdQpSUE5rQU1VbExLdWhGOE4ydGlnS2hJcml2RGFRcGJvM21jU0FobTZ1dE5xaXVSWFMzbzFaOEhLS045R2VSQXFzCk1GaE1mZlVkZWIrNDlLWUgyYVVZMTE4enRjTGg5N2VJSXFObmtvSjlaZEtVakQzSWZVWXY3Tm5XV0h5a21tWUUKdGFaNE5xZ01xVlhaa3hIYmlnRDJwaTF0Ujh3QlB5d0NEcWYvY1hSV05TaG1oek16VlZJc1pVY0tBdEZIK2cveQpEU0xSS3lyZU5ub0ZhdDNlTng4Q0F3RUFBYU5aTUZjd0RnWURWUjBQQVFIL0JBUURBZ0trTUE4R0ExVWRFd0VCCi93UUZNQU1CQWY4d0hRWURWUjBPQkJZRUZHUTNZY2ZXbE5zN1dRcHFkcWovcXluS2hsUU1NQlVHQTFVZEVRUU8KTUF5Q0NtdDFZbVZ5Ym1WMFpYTXdEUVlKS29aSWh2Y05BUUVMQlFBRGdnRUJBTEZzbGpXbzVDKzhsblJMTThCbgpFVnRMQlhQcUlEY2tCSmdiWkZEUytjbGRzeW4xVEZuUU9rOTEzUDBBT0xMRlhORG1ERFlOWE1UazlsMWZ6VmN4CjJzNE1yUXNEY0xLY2xWMXQ3ckZTRjlIV2FiTE95U0NWeVV3ZnVQNzFIbHRUNnZlU21ZTDBSc3NyOUZBaVJmeGgKcmZiSk9Kb054b3NOdFhjV0k4ZFlEU2pXaFVmdEI0MnV3cWtnZDR1bm8wWERiS0lIZW16TWtUK1dHQldBOS9NeAptREV6OE1FbVpuai9UTkVPcTRIdUtQZHdNUXl5NUhObWN3SlMxVHRzR2hQZ2UzdnJXZVJaUmhvalpBcHA5eUR4CjdGZk52TU9aRy9xYlhhaXdXaS8wSHhCY29OTkYzbWZEQy9XenYrU0RyVWo4M1QwMHJHdDhob3ZGbk5kQUt1U1MKTzZvPQotLS0tLUVORCBDRVJUSUZJQ0FURS0tLS0tCg=="
              }
            ],
            "cluster_id": null,
            "created_at": "2024-08-07 12:01:01.267 +0000 UTC",
            "enabled_cluster_log_types": null,
            "encryption_config": [],
            "endpoint": "https://43A4F348DD888A85E68BB2631B3FDA88.gr7.sa-east-1.eks.amazonaws.com",
            "id": "microservices-container-grouping",
            "identity": [
              {
                "oidc": [
                  {
                    "issuer": "https://oidc.eks.sa-east-1.amazonaws.com/id/43A4F348DD888A85E68BB2631B3FDA88"
                  }
                ]
              }
            ],
            "kubernetes_network_config": [
              {
                "ip_family": "ipv4",
                "service_ipv4_cidr": "10.100.0.0/16",
                "service_ipv6_cidr": ""
              }
            ],
            "name": "microservices-container-grouping",
            "outpost_config": [],
            "platform_version": "eks.27",
            "role_arn": "arn:aws:iam::380285632927:role/prod-usp-icmc20220415185049499400000003",
            "status": "ACTIVE",
            "tags": {
              "User": "FernandoHenriqueBuzato",
              "experiment": "microservices-grouping"
            },
            "tags_all": {
              "User": "FernandoHenriqueBuzato",
              "experiment": "microservices-grouping"
            },
            "timeouts": null,
            "version": "1.23",
            "vpc_config": [
              {
                "cluster_security_group_id": "sg-0619f3c25c922cbb0",
                "endpoint_private_access": false,
                "endpoint_public_access": true,
                "public_access_cidrs": [
                  "0.0.0.0/0"
                ],
                "security_group_ids": [
                  "sg-021d715d29fbcdb31"
                ],
                "subnet_ids": [
                  "subnet-0312ec158c3ce9da3",
                  "subnet-036215055911f9bd3",
                  "subnet-07c048f336b37d2ef"
                ],
                "vpc_id": "vpc-0f3fe466d0a9ccab0"
              }
            ]
          },
          "sensitive_attributes": [],
          "private": "eyJlMmJmYjczMC1lY2FhLTExZTYtOGY4OC0zNDM2M2JjN2M0YzAiOnsiY3JlYXRlIjoxODAwMDAwMDAwMDAwLCJkZWxldGUiOjkwMDAwMDAwMDAwMCwidXBkYXRlIjozNjAwMDAwMDAwMDAwfX0=",
          "dependencies": [
            "data.terraform_remote_state.sg"
          ]
        }
      ]
    },
    {
      "mode": "managed",
      "type": "aws_eks_node_group",
      "name": "tfer--all-in-one",
      "provider": "provider[\"registry.terraform.io/hashicorp/aws\"]",
      "instances": [
        {
          "schema_version": 0,
          "attributes": {
            "ami_type": "AL2_x86_64",
            "arn": "arn:aws:eks:sa-east-1:380285632927:nodegroup/microservices-container-grouping/all-in-one/36c8965e-87ba-029c-219b-6ee14d5025c2",
            "capacity_type": "ON_DEMAND",
            "cluster_name": "microservices-container-grouping",
            "disk_size": 50,
            "force_update_version": null,
            "id": "microservices-container-grouping:all-in-one",
            "instance_types": [
              "t3.xlarge"
            ],
            "labels": {
              "namespace": "all-in-one"
            },
            "launch_template": [],
            "node_group_name": "all-in-one",
            "node_group_name_prefix": "",
            "node_role_arn": "arn:aws:iam::380285632927:role/prod-usp-icmc20220415190108421000000009",
            "release_version": "1.23.17-20240729",
            "remote_access": [],
            "resources": [
              {
                "autoscaling_groups": [
                  {
                    "name": "eks-all-in-one-36c8965e-87ba-029c-219b-6ee14d5025c2"
                  }
                ],
                "remote_access_security_group_id": ""
              }
            ],
            "scaling_config": [
              {
                "desired_size": 1,
                "max_size": 1,
                "min_size": 1
              }
            ],
            "status": "ACTIVE",
            "subnet_ids": [
              "subnet-0312ec158c3ce9da3",
              "subnet-036215055911f9bd3",
              "subnet-07c048f336b37d2ef"
            ],
            "tags": null,
            "tags_all": {},
            "taint": [
              {
                "effect": "NO_SCHEDULE",
                "key": "namespace",
                "value": "all-in-one"
              }
            ],
            "timeouts": null,
            "update_config": [
              {
                "max_unavailable": 1,
                "max_unavailable_percentage": 0
              }
            ],
            "version": "1.23"
          },
          "sensitive_attributes": [],
          "private": "eyJlMmJmYjczMC1lY2FhLTExZTYtOGY4OC0zNDM2M2JjN2M0YzAiOnsiY3JlYXRlIjozNjAwMDAwMDAwMDAwLCJkZWxldGUiOjM2MDAwMDAwMDAwMDAsInVwZGF0ZSI6MzYwMDAwMDAwMDAwMH19",
          "dependencies": [
            "aws_eks_cluster.tfer--microservices-container-grouping",
            "data.terraform_remote_state.sg"
          ]
        }
      ]
    },
    {
      "mode": "managed",
      "type": "aws_eks_node_group",
      "name": "tfer--kubecost",
      "provider": "provider[\"registry.terraform.io/hashicorp/aws\"]",
      "instances": [
        {
          "schema_version": 0,
          "attributes": {
            "ami_type": "AL2_x86_64",
            "arn": "arn:aws:eks:sa-east-1:380285632927:nodegroup/microservices-container-grouping/kubecost/10c8965e-87b8-96c9-8251-ae670a4c36bb",
            "capacity_type": "ON_DEMAND",
            "cluster_name": "microservices-container-grouping",
            "disk_size": 20,
            "force_update_version": null,
            "id": "microservices-container-grouping:kubecost",
            "instance_types": [
              "t3.medium"
            ],
            "labels": null,
            "launch_template": [],
            "node_group_name": "kubecost",
            "node_group_name_prefix": "",
            "node_role_arn": "arn:aws:iam::380285632927:role/prod-usp-icmc20220415190108421000000009",
            "release_version": "1.23.17-20240729",
            "remote_access": [],
            "resources": [
              {
                "autoscaling_groups": [
                  {
                    "name": "eks-kubecost-10c8965e-87b8-96c9-8251-ae670a4c36bb"
                  }
                ],
                "remote_access_security_group_id": ""
              }
            ],
            "scaling_config": [
              {
                "desired_size": 1,
                "max_size": 1,
                "min_size": 1
              }
            ],
            "status": "ACTIVE",
            "subnet_ids": [
              "subnet-036215055911f9bd3"
            ],
            "tags": null,
            "tags_all": {},
            "taint": [],
            "timeouts": null,
            "update_config": [
              {
                "max_unavailable": 1,
                "max_unavailable_percentage": 0
              }
            ],
            "version": "1.23"
          },
          "sensitive_attributes": [],
          "private": "eyJlMmJmYjczMC1lY2FhLTExZTYtOGY4OC0zNDM2M2JjN2M0YzAiOnsiY3JlYXRlIjozNjAwMDAwMDAwMDAwLCJkZWxldGUiOjM2MDAwMDAwMDAwMDAsInVwZGF0ZSI6MzYwMDAwMDAwMDAwMH19",
          "dependencies": [
            "aws_eks_cluster.tfer--microservices-container-grouping",
            "data.terraform_remote_state.sg"
          ]
        }
      ]
    }
  ],
  "check_results": null
}
